// !$*UTF8*$!
{
	archiveVersion = 1;
	classes = {
	};
	objectVersion = 56;
	objects = {

/* Begin PBXBuildFile section */
		97CDC1CBC125030C68B28F0D /* Pods_iOSAgentApp.framework in Frameworks */ = {isa = PBXBuildFile; fileRef = 73227959D2076D16078D836B /* Pods_iOSAgentApp.framework */; };
		APP001 /* AppDelegate.m in Sources */ = {isa = PBXBuildFile; fileRef = SRC001 /* AppDelegate.m */; };
		APP002 /* SceneDelegate.m in Sources */ = {isa = PBXBuildFile; fileRef = SRC002 /* SceneDelegate.m */; };
		APP003 /* main.m in Sources */ = {isa = PBXBuildFile; fileRef = SRC003 /* main.m */; };
		FRM001 /* AVFoundation.framework in Frameworks */ = {isa = PBXBuildFile; fileRef = FRM_AV /* AVFoundation.framework */; };
		FRM002 /* AudioToolbox.framework in Frameworks */ = {isa = PBXBuildFile; fileRef = FRM_AUDIO /* AudioToolbox.framework */; };
		MDL001 /* Message.m in Sources */ = {isa = PBXBuildFile; fileRef = SRC005 /* Message.m */; };
		MDL002 /* ServerConfig.m in Sources */ = {isa = PBXBuildFile; fileRef = SRC006 /* ServerConfig.m */; };
		MDL003 /* Conversation.m in Sources */ = {isa = PBXBuildFile; fileRef = SRC012 /* Conversation.m */; };
		MDL004 /* ConversationManager.m in Sources */ = {isa = PBXBuildFile; fileRef = SRC013 /* ConversationManager.m */; };
		RES001 /* Assets.xcassets in Resources */ = {isa = PBXBuildFile; fileRef = RES_ASSETS /* Assets.xcassets */; };
		RES002 /* LaunchScreen.storyboard in Resources */ = {isa = PBXBuildFile; fileRef = RES_LAUNCH /* LaunchScreen.storyboard */; };
		RES003 /* Localizable.strings in Resources */ = {isa = PBXBuildFile; fileRef = RES_LOC_GROUP /* Localizable.strings */; };
		SVC001 /* WebSocketService.m in Sources */ = {isa = PBXBuildFile; fileRef = SRC004 /* WebSocketService.m */; };
		VCT001 /* ChatViewController.m in Sources */ = {isa = PBXBuildFile; fileRef = SRC007 /* ChatViewController.m */; };
		VCT002 /* SettingsViewController.m in Sources */ = {isa = PBXBuildFile; fileRef = SRC008 /* SettingsViewController.m */; };
		VCT003 /* ImageZoomViewController.m in Sources */ = {isa = PBXBuildFile; fileRef = SRC011 /* ImageZoomViewController.m */; };
		VCT004 /* ConversationListViewController.m in Sources */ = {isa = PBXBuildFile; fileRef = SRC014 /* ConversationListViewController.m */; };
		VIW001 /* MessageCell.m in Sources */ = {isa = PBXBuildFile; fileRef = SRC009 /* MessageCell.m */; };
		VIW002 /* InputView.m in Sources */ = {isa = PBXBuildFile; fileRef = SRC010 /* InputView.m */; };
/* End PBXBuildFile section */

/* Begin PBXFileReference section */
		73227959D2076D16078D836B /* Pods_iOSAgentApp.framework */ = {isa = PBXFileReference; explicitFileType = wrapper.framework; includeInIndex = 0; path = Pods_iOSAgentApp.framework; sourceTree = BUILT_PRODUCTS_DIR; };
		C8841357FFDDD1B3D72ADF4F /* Pods-iOSAgentApp.release.xcconfig */ = {isa = PBXFileReference; includeInIndex = 1; lastKnownFileType = text.xcconfig; name = "Pods-iOSAgentApp.release.xcconfig"; path = "Target Support Files/Pods-iOSAgentApp/Pods-iOSAgentApp.release.xcconfig"; sourceTree = "<group>"; };
		E661C1AB28DF1EDB6254201B /* Pods-iOSAgentApp.debug.xcconfig */ = {isa = PBXFileReference; includeInIndex = 1; lastKnownFileType = text.xcconfig; name = "Pods-iOSAgentApp.debug.xcconfig"; path = "Target Support Files/Pods-iOSAgentApp/Pods-iOSAgentApp.debug.xcconfig"; sourceTree = "<group>"; };
		FRM_AUDIO /* AudioToolbox.framework */ = {isa = PBXFileReference; lastKnownFileType = wrapper.framework; name = AudioToolbox.framework; path = System/Library/Frameworks/AudioToolbox.framework; sourceTree = SDKROOT; };
		FRM_AV /* AVFoundation.framework */ = {isa = PBXFileReference; lastKnownFileType = wrapper.framework; name = AVFoundation.framework; path = System/Library/Frameworks/AVFoundation.framework; sourceTree = SDKROOT; };
		PRODUCT /* iOSAgentApp.app */ = {isa = PBXFileReference; explicitFileType = wrapper.application; includeInIndex = 0; path = iOSAgentApp.app; sourceTree = BUILT_PRODUCTS_DIR; };
		RES_ASSETS /* Assets.xcassets */ = {isa = PBXFileReference; lastKnownFileType = folder.assetcatalog; path = Assets.xcassets; sourceTree = "<group>"; };
		RES_INFO /* Info.plist */ = {isa = PBXFileReference; lastKnownFileType = text.plist.xml; path = Info.plist; sourceTree = "<group>"; };
		RES_LAUNCH /* LaunchScreen.storyboard */ = {isa = PBXFileReference; lastKnownFileType = file.storyboard; path = LaunchScreen.storyboard; sourceTree = "<group>"; };
		RES_LOC_BASE /* Base */ = {isa = PBXFileReference; lastKnownFileType = text.plist.strings; name = Base; path = Base.lproj/Localizable.strings; sourceTree = "<group>"; };
		RES_LOC_ZH /* zh-Hans */ = {isa = PBXFileReference; lastKnownFileType = text.plist.strings; name = "zh-Hans"; path = "zh-Hans.lproj/Localizable.strings"; sourceTree = "<group>"; };
		SRC001 /* AppDelegate.m */ = {isa = PBXFileReference; lastKnownFileType = sourcecode.c.objc; path = AppDelegate.m; sourceTree = "<group>"; };
		SRC001H /* AppDelegate.h */ = {isa = PBXFileReference; lastKnownFileType = sourcecode.c.h; path = AppDelegate.h; sourceTree = "<group>"; };
		SRC002 /* SceneDelegate.m */ = {isa = PBXFileReference; lastKnownFileType = sourcecode.c.objc; path = SceneDelegate.m; sourceTree = "<group>"; };
		SRC002H /* SceneDelegate.h */ = {isa = PBXFileReference; lastKnownFileType = sourcecode.c.h; path = SceneDelegate.h; sourceTree = "<group>"; };
		SRC003 /* main.m */ = {isa = PBXFileReference; lastKnownFileType = sourcecode.c.objc; path = main.m; sourceTree = "<group>"; };
		SRC004 /* WebSocketService.m */ = {isa = PBXFileReference; lastKnownFileType = sourcecode.c.objc; path = WebSocketService.m; sourceTree = "<group>"; };
		SRC004H /* WebSocketService.h */ = {isa = PBXFileReference; lastKnownFileType = sourcecode.c.h; path = WebSocketService.h; sourceTree = "<group>"; };
		SRC005 /* Message.m */ = {isa = PBXFileReference; lastKnownFileType = sourcecode.c.objc; path = Message.m; sourceTree = "<group>"; };
		SRC005H /* Message.h */ = {isa = PBXFileReference; lastKnownFileType = sourcecode.c.h; path = Message.h; sourceTree = "<group>"; };
		SRC006 /* ServerConfig.m */ = {isa = PBXFileReference; lastKnownFileType = sourcecode.c.objc; path = ServerConfig.m; sourceTree = "<group>"; };
		SRC006H /* ServerConfig.h */ = {isa = PBXFileReference; lastKnownFileType = sourcecode.c.h; path = ServerConfig.h; sourceTree = "<group>"; };
		SRC007 /* ChatViewController.m */ = {isa = PBXFileReference; lastKnownFileType = sourcecode.c.objc; path = ChatViewController.m; sourceTree = "<group>"; };
		SRC007H /* ChatViewController.h */ = {isa = PBXFileReference; lastKnownFileType = sourcecode.c.h; path = ChatViewController.h; sourceTree = "<group>"; };
		SRC008 /* SettingsViewController.m */ = {isa = PBXFileReference; lastKnownFileType = sourcecode.c.objc; path = SettingsViewController.m; sourceTree = "<group>"; };
		SRC008H /* SettingsViewController.h */ = {isa = PBXFileReference; lastKnownFileType = sourcecode.c.h; path = SettingsViewController.h; sourceTree = "<group>"; };
		SRC009 /* MessageCell.m */ = {isa = PBXFileReference; lastKnownFileType = sourcecode.c.objc; path = MessageCell.m; sourceTree = "<group>"; };
		SRC009H /* MessageCell.h */ = {isa = PBXFileReference; lastKnownFileType = sourcecode.c.h; path = MessageCell.h; sourceTree = "<group>"; };
		SRC010 /* InputView.m */ = {isa = PBXFileReference; lastKnownFileType = sourcecode.c.objc; path = InputView.m; sourceTree = "<group>"; };
		SRC010H /* InputView.h */ = {isa = PBXFileReference; lastKnownFileType = sourcecode.c.h; path = InputView.h; sourceTree = "<group>"; };
		SRC011 /* ImageZoomViewController.m */ = {isa = PBXFileReference; lastKnownFileType = sourcecode.c.objc; path = ImageZoomViewController.m; sourceTree = "<group>"; };
		SRC011H /* ImageZoomViewController.h */ = {isa = PBXFileReference; lastKnownFileType = sourcecode.c.h; path = ImageZoomViewController.h; sourceTree = "<group>"; };
		SRC012 /* Conversation.m */ = {isa = PBXFileReference; lastKnownFileType = sourcecode.c.objc; path = Conversation.m; sourceTree = "<group>"; };
		SRC012H /* Conversation.h */ = {isa = PBXFileReference; lastKnownFileType = sourcecode.c.h; path = Conversation.h; sourceTree = "<group>"; };
		SRC013 /* ConversationManager.m */ = {isa = PBXFileReference; lastKnownFileType = sourcecode.c.objc; path = ConversationManager.m; sourceTree = "<group>"; };
		SRC013H /* ConversationManager.h */ = {isa = PBXFileReference; lastKnownFileType = sourcecode.c.h; path = ConversationManager.h; sourceTree = "<group>"; };
		SRC014 /* ConversationListViewController.m */ = {isa = PBXFileReference; lastKnownFileType = sourcecode.c.objc; path = ConversationListViewController.m; sourceTree = "<group>"; };
		SRC014H /* ConversationListViewController.h */ = {isa = PBXFileReference; lastKnownFileType = sourcecode.c.h; path = ConversationListViewController.h; sourceTree = "<group>"; };
/* End PBXFileReference section */

/* Begin PBXFrameworksBuildPhase section */
		FRAMEWORKS /* Frameworks */ = {
			isa = PBXFrameworksBuildPhase;
			buildActionMask = 2147483647;
			files = (
				FRM001 /* AVFoundation.framework in Frameworks */,
				FRM002 /* AudioToolbox.framework in Frameworks */,
				97CDC1CBC125030C68B28F0D /* Pods_iOSAgentApp.framework in Frameworks */,
			);
			runOnlyForDeploymentPostprocessing = 0;
		};
/* End PBXFrameworksBuildPhase section */

/* Begin PBXGroup section */
		797A008D7C9A161E8EF078AF /* Pods */ = {
			isa = PBXGroup;
			children = (
				E661C1AB28DF1EDB6254201B /* Pods-iOSAgentApp.debug.xcconfig */,
				C8841357FFDDD1B3D72ADF4F /* Pods-iOSAgentApp.release.xcconfig */,
			);
			path = Pods;
			sourceTree = "<group>";
		};
		APP_GROUP /* iOSAgentApp */ = {
			isa = PBXGroup;
			children = (
				SRC001H /* AppDelegate.h */,
				SRC001 /* AppDelegate.m */,
				SRC002H /* SceneDelegate.h */,
				SRC002 /* SceneDelegate.m */,
				SRC003 /* main.m */,
				SERVICES /* Services */,
				MODELS /* Models */,
				VIEWCONTROLLERS /* ViewControllers */,
				VIEWS /* Views */,
				RESOURCES /* Resources */,
				RES_INFO /* Info.plist */,
			);
			path = iOSAgentApp;
			sourceTree = "<group>";
		};
		FRAMEWORKS_GROUP /* Frameworks */ = {
			isa = PBXGroup;
			children = (
				FRM_AV /* AVFoundation.framework */,
				FRM_AUDIO /* AudioToolbox.framework */,
				73227959D2076D16078D836B /* Pods_iOSAgentApp.framework */,
			);
			name = Frameworks;
			sourceTree = "<group>";
		};
		MODELS /* Models */ = {
			isa = PBXGroup;
			children = (
				SRC005H /* Message.h */,
				SRC005 /* Message.m */,
				SRC006H /* ServerConfig.h */,
				SRC006 /* ServerConfig.m */,
				SRC012H /* Conversation.h */,
				SRC012 /* Conversation.m */,
				SRC013H /* ConversationManager.h */,
				SRC013 /* ConversationManager.m */,
			);
			path = Models;
			sourceTree = "<group>";
		};
		PRODUCTS /* Products */ = {
			isa = PBXGroup;
			children = (
				PRODUCT /* iOSAgentApp.app */,
			);
			name = Products;
			sourceTree = "<group>";
		};
		RESOURCES /* Resources */ = {
			isa = PBXGroup;
			children = (
				RES_ASSETS /* Assets.xcassets */,
				RES_LAUNCH /* LaunchScreen.storyboard */,
				RES_LOC_GROUP /* Localizable.strings */,
			);
			path = Resources;
			sourceTree = "<group>";
		};
		ROOT = {
			isa = PBXGroup;
			children = (
				APP_GROUP /* iOSAgentApp */,
				PRODUCTS /* Products */,
				FRAMEWORKS_GROUP /* Frameworks */,
				797A008D7C9A161E8EF078AF /* Pods */,
			);
			sourceTree = "<group>";
		};
		SERVICES /* Services */ = {
			isa = PBXGroup;
			children = (
				SRC004H /* WebSocketService.h */,
				SRC004 /* WebSocketService.m */,
			);
			path = Services;
			sourceTree = "<group>";
		};
		VIEWCONTROLLERS /* ViewControllers */ = {
			isa = PBXGroup;
			children = (
				SRC007H /* ChatViewController.h */,
				SRC007 /* ChatViewController.m */,
				SRC008H /* SettingsViewController.h */,
				SRC008 /* SettingsViewController.m */,
				SRC011H /* ImageZoomViewController.h */,
				SRC011 /* ImageZoomViewController.m */,
				SRC014H /* ConversationListViewController.h */,
				SRC014 /* ConversationListViewController.m */,
			);
			path = ViewControllers;
			sourceTree = "<group>";
		};
		VIEWS /* Views */ = {
			isa = PBXGroup;
			children = (
				SRC009H /* MessageCell.h */,
				SRC009 /* MessageCell.m */,
				SRC010H /* InputView.h */,
				SRC010 /* InputView.m */,
			);
			path = Views;
			sourceTree = "<group>";
		};
/* End PBXGroup section */

/* Begin PBXNativeTarget section */
		TARGET /* iOSAgentApp */ = {
			isa = PBXNativeTarget;
			buildConfigurationList = CONFIG_LIST /* Build configuration list for PBXNativeTarget "iOSAgentApp" */;
			buildPhases = (
				FA624F195F9C683C607DF711 /* [CP] Check Pods Manifest.lock */,
				SOURCES /* Sources */,
				FRAMEWORKS /* Frameworks */,
				RESOURCES_PHASE /* Resources */,
			);
			buildRules = (
			);
			dependencies = (
			);
			name = iOSAgentApp;
			productName = iOSAgentApp;
			productReference = PRODUCT /* iOSAgentApp.app */;
			productType = "com.apple.product-type.application";
		};
/* End PBXNativeTarget section */

/* Begin PBXProject section */
		PROJECT /* Project object */ = {
			isa = PBXProject;
			attributes = {
				BuildIndependentTargetsInParallel = 1;
				LastUpgradeCheck = 1500;
				TargetAttributes = {
					TARGET = {
						CreatedOnToolsVersion = 15.0;
					};
				};
			};
			buildConfigurationList = PROJECT_CONFIG_LIST /* Build configuration list for PBXProject "iOSAgentApp" */;
			compatibilityVersion = "Xcode 14.0";
			developmentRegion = en;
			hasScannedForEncodings = 0;
			knownRegions = (
				en,
				Base,
				"zh-Hans",
			);
			mainGroup = ROOT;
			productRefGroup = PRODUCTS /* Products */;
			projectDirPath = "";
			projectRoot = "";
			targets = (
				TARGET /* iOSAgentApp */,
			);
		};
/* End PBXProject section */

/* Begin PBXResourcesBuildPhase section */
		RESOURCES_PHASE /* Resources */ = {
			isa = PBXResourcesBuildPhase;
			buildActionMask = 2147483647;
			files = (
				RES001 /* Assets.xcassets in Resources */,
				RES002 /* LaunchScreen.storyboard in Resources */,
				RES003 /* Localizable.strings in Resources */,
			);
			runOnlyForDeploymentPostprocessing = 0;
		};
/* End PBXResourcesBuildPhase section */

/* Begin PBXShellScriptBuildPhase section */
		FA624F195F9C683C607DF711 /* [CP] Check Pods Manifest.lock */ = {
			isa = PBXShellScriptBuildPhase;
			buildActionMask = 2147483647;
			files = (
			);
			inputFileListPaths = (
			);
			inputPaths = (
				"${PODS_PODFILE_DIR_PATH}/Podfile.lock",
				"${PODS_ROOT}/Manifest.lock",
			);
			name = "[CP] Check Pods Manifest.lock";
			outputFileListPaths = (
			);
			outputPaths = (
				"$(DERIVED_FILE_DIR)/Pods-iOSAgentApp-checkManifestLockResult.txt",
			);
			runOnlyForDeploymentPostprocessing = 0;
			shellPath = /bin/sh;
			shellScript = "diff \"${PODS_PODFILE_DIR_PATH}/Podfile.lock\" \"${PODS_ROOT}/Manifest.lock\" > /dev/null\nif [ $? != 0 ] ; then\n    # print error to STDERR\n    echo \"error: The sandbox is not in sync with the Podfile.lock. Run 'pod install' or update your CocoaPods installation.\" >&2\n    exit 1\nfi\n# This output is used by Xcode 'outputs' to avoid re-running this script phase.\necho \"SUCCESS\" > \"${SCRIPT_OUTPUT_FILE_0}\"\n";
			showEnvVarsInLog = 0;
		};
/* End PBXShellScriptBuildPhase section */

/* Begin PBXSourcesBuildPhase section */
		SOURCES /* Sources */ = {
			isa = PBXSourcesBuildPhase;
			buildActionMask = 2147483647;
			files = (
				APP001 /* AppDelegate.m in Sources */,
				APP002 /* SceneDelegate.m in Sources */,
				APP003 /* main.m in Sources */,
				SVC001 /* WebSocketService.m in Sources */,
				MDL001 /* Message.m in Sources */,
				MDL002 /* ServerConfig.m in Sources */,
				MDL003 /* Conversation.m in Sources */,
				MDL004 /* ConversationManager.m in Sources */,
				VCT001 /* ChatViewController.m in Sources */,
				VCT002 /* SettingsViewController.m in Sources */,
				VCT003 /* ImageZoomViewController.m in Sources */,
				VCT004 /* ConversationListViewController.m in Sources */,
				VIW001 /* MessageCell.m in Sources */,
				VIW002 /* InputView.m in Sources */,
			);
			runOnlyForDeploymentPostprocessing = 0;
		};
/* End PBXSourcesBuildPhase section */

/* Begin PBXVariantGroup section */
		RES_LOC_GROUP /* Localizable.strings */ = {
			isa = PBXVariantGroup;
			children = (
				RES_LOC_BASE /* Base */,
				RES_LOC_ZH /* zh-Hans */,
			);
			name = Localizable.strings;
			sourceTree = "<group>";
		};
/* End PBXVariantGroup section */

/* Begin XCBuildConfiguration section */
		DEBUG_PROJECT /* Debug */ = {
			isa = XCBuildConfiguration;
			buildSettings = {
				ALWAYS_SEARCH_USER_PATHS = NO;
				ASSETCATALOG_COMPILER_GENERATE_SWIFT_ASSET_SYMBOL_EXTENSIONS = YES;
				CLANG_ANALYZER_NONNULL = YES;
				CLANG_ANALYZER_NUMBER_OBJECT_CONVERSION = YES_AGGRESSIVE;
				CLANG_CXX_LANGUAGE_STANDARD = "gnu++20";
				CLANG_ENABLE_MODULES = YES;
				CLANG_ENABLE_OBJC_ARC = YES;
				CLANG_ENABLE_OBJC_WEAK = YES;
				CLANG_WARN_BLOCK_CAPTURE_AUTORELEASING = YES;
				CLANG_WARN_BOOL_CONVERSION = YES;
				CLANG_WARN_COMMA = YES;
				CLANG_WARN_CONSTANT_CONVERSION = YES;
				CLANG_WARN_DEPRECATED_OBJC_IMPLEMENTATIONS = YES;
				CLANG_WARN_DIRECT_OBJC_ISA_USAGE = YES_ERROR;
				CLANG_WARN_DOCUMENTATION_COMMENTS = YES;
				CLANG_WARN_EMPTY_BODY = YES;
				CLANG_WARN_ENUM_CONVERSION = YES;
				CLANG_WARN_INFINITE_RECURSION = YES;
				CLANG_WARN_INT_CONVERSION = YES;
				CLANG_WARN_NON_LITERAL_NULL_CONVERSION = YES;
				CLANG_WARN_OBJC_IMPLICIT_RETAIN_SELF = YES;
				CLANG_WARN_OBJC_LITERAL_CONVERSION = YES;
				CLANG_WARN_OBJC_ROOT_CLASS = YES_ERROR;
				CLANG_WARN_QUOTED_INCLUDE_IN_FRAMEWORK_HEADER = YES;
				CLANG_WARN_RANGE_LOOP_ANALYSIS = YES;
				CLANG_WARN_STRICT_PROTOTYPES = YES;
				CLANG_WARN_SUSPICIOUS_MOVE = YES;
				CLANG_WARN_UNGUARDED_AVAILABILITY = YES_AGGRESSIVE;
				CLANG_WARN_UNREACHABLE_CODE = YES;
				CLANG_WARN__DUPLICATE_METHOD_MATCH = YES;
				COPY_PHASE_STRIP = NO;
				DEBUG_INFORMATION_FORMAT = dwarf;
				ENABLE_STRICT_OBJC_MSGSEND = YES;
				ENABLE_TESTABILITY = YES;
				ENABLE_USER_SCRIPT_SANDBOXING = YES;
				GCC_C_LANGUAGE_STANDARD = gnu17;
				GCC_DYNAMIC_NO_PIC = NO;
				GCC_NO_COMMON_BLOCKS = YES;
				GCC_OPTIMIZATION_LEVEL = 0;
				GCC_PREPROCESSOR_DEFINITIONS = (
					"DEBUG=1",
					"$(inherited)",
				);
				GCC_WARN_64_TO_32_BIT_CONVERSION = YES;
				GCC_WARN_ABOUT_RETURN_TYPE = YES_ERROR;
				GCC_WARN_UNDECLARED_SELECTOR = YES;
				GCC_WARN_UNINITIALIZED_AUTOS = YES_AGGRESSIVE;
				GCC_WARN_UNUSED_FUNCTION = YES;
				GCC_WARN_UNUSED_VARIABLE = YES;
				IPHONEOS_DEPLOYMENT_TARGET = 15.0;
				LOCALIZATION_PREFERS_STRING_CATALOGS = YES;
				MTL_ENABLE_DEBUG_INFO = INCLUDE_SOURCE;
				MTL_FAST_MATH = YES;
				ONLY_ACTIVE_ARCH = YES;
				SDKROOT = iphoneos;
			};
			name = Debug;
		};
		DEBUG_TARGET /* Debug */ = {
			isa = XCBuildConfiguration;
			baseConfigurationReference = E661C1AB28DF1EDB6254201B /* Pods-iOSAgentApp.debug.xcconfig */;
			buildSettings = {
				ASSETCATALOG_COMPILER_APPICON_NAME = AppIcon;
				ASSETCATALOG_COMPILER_GLOBAL_ACCENT_COLOR_NAME = AccentColor;
				CODE_SIGN_STYLE = Automatic;
				CURRENT_PROJECT_VERSION = 1;
				DEVELOPMENT_TEAM = MA8YY74FVW;
				GENERATE_INFOPLIST_FILE = YES;
				INFOPLIST_FILE = iOSAgentApp/Info.plist;
				INFOPLIST_KEY_UIApplicationSupportsIndirectInputEvents = YES;
				INFOPLIST_KEY_UILaunchStoryboardName = LaunchScreen;
				INFOPLIST_KEY_UISupportedInterfaceOrientations_iPad = "UIInterfaceOrientationPortrait UIInterfaceOrientationPortraitUpsideDown UIInterfaceOrientationLandscapeLeft UIInterfaceOrientationLandscapeRight";
				INFOPLIST_KEY_UISupportedInterfaceOrientations_iPhone = "UIInterfaceOrientationPortrait UIInterfaceOrientationLandscapeLeft UIInterfaceOrientationLandscapeRight";
				LD_RUNPATH_SEARCH_PATHS = (
					"$(inherited)",
					"@executable_path/Frameworks",
				);
				MARKETING_VERSION = 1.0;
				PRODUCT_BUNDLE_IDENTIFIER = com.macagent.ios;
				PRODUCT_NAME = "$(TARGET_NAME)";
				TARGETED_DEVICE_FAMILY = "1,2";
			};
			name = Debug;
		};
		RELEASE_PROJECT /* Release */ = {
			isa = XCBuildConfiguration;
			buildSettings = {
				ALWAYS_SEARCH_USER_PATHS = NO;
				ASSETCATALOG_COMPILER_GENERATE_SWIFT_ASSET_SYMBOL_EXTENSIONS = YES;
				CLANG_ANALYZER_NONNULL = YES;
				CLANG_ANALYZER_NUMBER_OBJECT_CONVERSION = YES_AGGRESSIVE;
				CLANG_CXX_LANGUAGE_STANDARD = "gnu++20";
				CLANG_ENABLE_MODULES = YES;
				CLANG_ENABLE_OBJC_ARC = YES;
				CLANG_ENABLE_OBJC_WEAK = YES;
				CLANG_WARN_BLOCK_CAPTURE_AUTORELEASING = YES;
				CLANG_WARN_BOOL_CONVERSION = YES;
				CLANG_WARN_COMMA = YES;
				CLANG_WARN_CONSTANT_CONVERSION = YES;
				CLANG_WARN_DEPRECATED_OBJC_IMPLEMENTATIONS = YES;
				CLANG_WARN_DIRECT_OBJC_ISA_USAGE = YES_ERROR;
				CLANG_WARN_DOCUMENTATION_COMMENTS = YES;
				CLANG_WARN_EMPTY_BODY = YES;
				CLANG_WARN_ENUM_CONVERSION = YES;
				CLANG_WARN_INFINITE_RECURSION = YES;
				CLANG_WARN_INT_CONVERSION = YES;
				CLANG_WARN_NON_LITERAL_NULL_CONVERSION = YES;
				CLANG_WARN_OBJC_IMPLICIT_RETAIN_SELF = YES;
				CLANG_WARN_OBJC_LITERAL_CONVERSION = YES;
				CLANG_WARN_OBJC_ROOT_CLASS = YES_ERROR;
				CLANG_WARN_QUOTED_INCLUDE_IN_FRAMEWORK_HEADER = YES;
				CLANG_WARN_RANGE_LOOP_ANALYSIS = YES;
				CLANG_WARN_STRICT_PROTOTYPES = YES;
				CLANG_WARN_SUSPICIOUS_MOVE = YES;
				CLANG_WARN_UNGUARDED_AVAILABILITY = YES_AGGRESSIVE;
				CLANG_WARN_UNREACHABLE_CODE = YES;
				CLANG_WARN__DUPLICATE_METHOD_MATCH = YES;
				COPY_PHASE_STRIP = NO;
				DEBUG_INFORMATION_FORMAT = "dwarf-with-dsym";
				ENABLE_NS_ASSERTIONS = NO;
				ENABLE_STRICT_OBJC_MSGSEND = YES;
				ENABLE_USER_SCRIPT_SANDBOXING = YES;
				GCC_C_LANGUAGE_STANDARD = gnu17;
				GCC_NO_COMMON_BLOCKS = YES;
				GCC_WARN_64_TO_32_BIT_CONVERSION = YES;
				GCC_WARN_ABOUT_RETURN_TYPE = YES_ERROR;
				GCC_WARN_UNDECLARED_SELECTOR = YES;
				GCC_WARN_UNINITIALIZED_AUTOS = YES_AGGRESSIVE;
				GCC_WARN_UNUSED_FUNCTION = YES;
				GCC_WARN_UNUSED_VARIABLE = YES;
				IPHONEOS_DEPLOYMENT_TARGET = 15.0;
				LOCALIZATION_PREFERS_STRING_CATALOGS = YES;
				MTL_ENABLE_DEBUG_INFO = NO;
				MTL_FAST_MATH = YES;
				SDKROOT = iphoneos;
				VALIDATE_PRODUCT = YES;
			};
			name = Release;
		};
		RELEASE_TARGET /* Release */ = {
			isa = XCBuildConfiguration;
			baseConfigurationReference = C8841357FFDDD1B3D72ADF4F /* Pods-iOSAgentApp.release.xcconfig */;
			buildSettings = {
				ASSETCATALOG_COMPILER_APPICON_NAME = AppIcon;
				ASSETCATALOG_COMPILER_GLOBAL_ACCENT_COLOR_NAME = AccentColor;
				CODE_SIGN_STYLE = Automatic;
				CURRENT_PROJECT_VERSION = 1;
				DEVELOPMENT_TEAM = MA8YY74FVW;
				GENERATE_INFOPLIST_FILE = YES;
				INFOPLIST_FILE = iOSAgentApp/Info.plist;
				INFOPLIST_KEY_UIApplicationSupportsIndirectInputEvents = YES;
				INFOPLIST_KEY_UILaunchStoryboardName = LaunchScreen;
				INFOPLIST_KEY_UISupportedInterfaceOrientations_iPad = "UIInterfaceOrientationPortrait UIInterfaceOrientationPortraitUpsideDown UIInterfaceOrientationLandscapeLeft UIInterfaceOrientationLandscapeRight";
				INFOPLIST_KEY_UISupportedInterfaceOrientations_iPhone = "UIInterfaceOrientationPortrait UIInterfaceOrientationLandscapeLeft UIInterfaceOrientationLandscapeRight";
				LD_RUNPATH_SEARCH_PATHS = (
					"$(inherited)",
					"@executable_path/Frameworks",
				);
				MARKETING_VERSION = 1.0;
				PRODUCT_BUNDLE_IDENTIFIER = com.macagent.ios;
				PRODUCT_NAME = "$(TARGET_NAME)";
				TARGETED_DEVICE_FAMILY = "1,2";
			};
			name = Release;
		};
/* End XCBuildConfiguration section */

/* Begin XCConfigurationList section */
		CONFIG_LIST /* Build configuration list for PBXNativeTarget "iOSAgentApp" */ = {
			isa = XCConfigurationList;
			buildConfigurations = (
				DEBUG_TARGET /* Debug */,
				RELEASE_TARGET /* Release */,
			);
			defaultConfigurationIsVisible = 0;
			defaultConfigurationName = Release;
		};
		PROJECT_CONFIG_LIST /* Build configuration list for PBXProject "iOSAgentApp" */ = {
			isa = XCConfigurationList;
			buildConfigurations = (
				DEBUG_PROJECT /* Debug */,
				RELEASE_PROJECT /* Release */,
			);
			defaultConfigurationIsVisible = 0;
			defaultConfigurationName = Release;
		};
/* End XCConfigurationList section */
	};
	rootObject = PROJECT /* Project object */;
}
