// !$*UTF8*$!
{
	archiveVersion = 1;
	classes = {
	};
	objectVersion = 63;
	objects = {

/* Begin PBXBuildFile section */
		2D5721C55EFA396606272D0F /* PortConfiguration.swift in Sources */ = {isa = PBXBuildFile; fileRef = BD6116C58605B732EAC12A9C /* PortConfiguration.swift */; };
		2FA4151906D65558C507569B /* PortSettingsView.swift in Sources */ = {isa = PBXBuildFile; fileRef = 6F634291F3212FD31A180945 /* PortSettingsView.swift */; };
		4899F0E9F0C96B7CAE6CBBCB /* PortSettingsView.swift in Sources */ = {isa = PBXBuildFile; fileRef = DBD7A38628B7F0D6E7B3A98B /* PortSettingsView.swift */; };
		4C1EABE92F4AA642004A5BDD /* ProcessManager.swift in Sources */ = {isa = PBXBuildFile; fileRef = 4C1EABE82F4AA642004A5BDD /* ProcessManager.swift */; };
		4C1EABEB2F4AA658004A5BDD /* ServiceManagerView.swift in Sources */ = {isa = PBXBuildFile; fileRef = 4C1EABEA2F4AA658004A5BDD /* ServiceManagerView.swift */; };
		4DABE95099DB64A612AA7CF9 /* HITLOverlayView.swift in Sources */ = {isa = PBXBuildFile; fileRef = 96FBF8AC5BB63CB582E2C7D1 /* HITLOverlayView.swift */; };
		512B129F2AC9980B6FFC7CF4 /* Pods_MacAgentApp.framework in Frameworks */ = {isa = PBXBuildFile; fileRef = CE6A646519309662C764B1FE /* Pods_MacAgentApp.framework */; };
		899E06CE2CC66AEFFABA4A57 /* PortConfiguration.swift in Sources */ = {isa = PBXBuildFile; fileRef = BD1CE4721D2D0BF84AE2BCE2 /* PortConfiguration.swift */; };
		8CDA84FC8DE48AE55C228925 /* RollbackPanelView.swift in Sources */ = {isa = PBXBuildFile; fileRef = 3243E91C4462CBDBC2A01F50 /* RollbackPanelView.swift */; };
		9944340EE98DAFE8EDA86B0B /* AuditLogView.swift in Sources */ = {isa = PBXBuildFile; fileRef = EF865104315098FC6C97C17F /* AuditLogView.swift */; };
		A1000001234567890ABCDEF1 /* MacAgentApp.swift in Sources */ = {isa = PBXBuildFile; fileRef = A1000002234567890ABCDEF1 /* MacAgentApp.swift */; };
		A1000003234567890ABCDEF1 /* ContentView.swift in Sources */ = {isa = PBXBuildFile; fileRef = A1000004234567890ABCDEF1 /* ContentView.swift */; };
		A1000005234567890ABCDEF1 /* Assets.xcassets in Resources */ = {isa = PBXBuildFile; fileRef = A1000006234567890ABCDEF1 /* Assets.xcassets */; };
		A1000007234567890ABCDEF1 /* Message.swift in Sources */ = {isa = PBXBuildFile; fileRef = A1000008234567890ABCDEF1 /* Message.swift */; };
		A1000009234567890ABCDEF1 /* AgentViewModel.swift in Sources */ = {isa = PBXBuildFile; fileRef = A100000A234567890ABCDEF1 /* AgentViewModel.swift */; };
		A100000B234567890ABCDEF1 /* BackendService.swift in Sources */ = {isa = PBXBuildFile; fileRef = A100000C234567890ABCDEF1 /* BackendService.swift */; };
		A100000F234567890ABCDEF1 /* SidebarView.swift in Sources */ = {isa = PBXBuildFile; fileRef = A1000010234567890ABCDEF1 /* SidebarView.swift */; };
		A1000011234567890ABCDEF1 /* ToolPanelView.swift in Sources */ = {isa = PBXBuildFile; fileRef = A1000012234567890ABCDEF1 /* ToolPanelView.swift */; };
		A1000013234567890ABCDEF1 /* SettingsView.swift in Sources */ = {isa = PBXBuildFile; fileRef = A1000014234567890ABCDEF1 /* SettingsView.swift */; };
		A2000001234567890ABCDEF1 /* PermissionManager.swift in Sources */ = {isa = PBXBuildFile; fileRef = A2000002234567890ABCDEF1 /* PermissionManager.swift */; };
		A2000003234567890ABCDEF1 /* PermissionSettingsView.swift in Sources */ = {isa = PBXBuildFile; fileRef = A2000004234567890ABCDEF1 /* PermissionSettingsView.swift */; };
		AB00000100000000A11Y001 /* AccessibilityMonitorView.swift in Sources */ = {isa = PBXBuildFile; fileRef = AB00000200000000A11Y001 /* AccessibilityMonitorView.swift */; };
		AB00000100000000ACTBX01 /* ActionBatchExecutor.swift in Sources */ = {isa = PBXBuildFile; fileRef = AB00000200000000ACTBX01 /* ActionBatchExecutor.swift */; };
		AB00000100000000AX5ERV01 /* AccessibilityService.swift in Sources */ = {isa = PBXBuildFile; fileRef = AB00000200000000AX5ERV01 /* AccessibilityService.swift */; };
		AB00000100000000AXBRDG01 /* AccessibilityBridge.swift in Sources */ = {isa = PBXBuildFile; fileRef = AB00000200000000AXBRDG01 /* AccessibilityBridge.swift */; };
		AB00000100000000AXOBSV01 /* AXObserverManager.swift in Sources */ = {isa = PBXBuildFile; fileRef = AB00000200000000AXOBSV01 /* AXObserverManager.swift */; };
		AB00000100000000GUSST01 /* GUIStateStore.swift in Sources */ = {isa = PBXBuildFile; fileRef = AB00000200000000GUSST01 /* GUIStateStore.swift */; };
		AB00000100000000IPCSR01 /* IPCService.swift in Sources */ = {isa = PBXBuildFile; fileRef = AB00000200000000IPCSR01 /* IPCService.swift */; };
		AB00000100000000VIS00001 /* VisionFallbackService.swift in Sources */ = {isa = PBXBuildFile; fileRef = AB00000200000000VIS00001 /* VisionFallbackService.swift */; };
		B1000001234567890ABCDEF1 /* ChatView.swift in Sources */ = {isa = PBXBuildFile; fileRef = B1000002234567890ABCDEF1 /* ChatView.swift */; };
		B1000003234567890ABCDEF1 /* MessageBubble.swift in Sources */ = {isa = PBXBuildFile; fileRef = B1000004234567890ABCDEF1 /* MessageBubble.swift */; };
		B1000005234567890ABCDEF1 /* MessageAvatars.swift in Sources */ = {isa = PBXBuildFile; fileRef = B1000006234567890ABCDEF1 /* MessageAvatars.swift */; };
		B1000007234567890ABCDEF1 /* UserMessageContent.swift in Sources */ = {isa = PBXBuildFile; fileRef = B1000008234567890ABCDEF1 /* UserMessageContent.swift */; };
		B1000009234567890ABCDEF1 /* AssistantMessageContent.swift in Sources */ = {isa = PBXBuildFile; fileRef = B100000A234567890ABCDEF1 /* AssistantMessageContent.swift */; };
		B100000B234567890ABCDEF1 /* InputBar.swift in Sources */ = {isa = PBXBuildFile; fileRef = B100000C234567890ABCDEF1 /* InputBar.swift */; };
		B100000D234567890ABCDEF1 /* CustomTextEditor.swift in Sources */ = {isa = PBXBuildFile; fileRef = B100000E234567890ABCDEF1 /* CustomTextEditor.swift */; };
		B100000F234567890ABCDEF1 /* MarkdownParser.swift in Sources */ = {isa = PBXBuildFile; fileRef = B1000010234567890ABCDEF1 /* MarkdownParser.swift */; };
		B1000011234567890ABCDEF1 /* RichMarkdownView.swift in Sources */ = {isa = PBXBuildFile; fileRef = B1000012234567890ABCDEF1 /* RichMarkdownView.swift */; };
		B1000013234567890ABCDEF1 /* InlineMarkdownText.swift in Sources */ = {isa = PBXBuildFile; fileRef = B1000014234567890ABCDEF1 /* InlineMarkdownText.swift */; };
		B1000015234567890ABCDEF1 /* CodeBlockView.swift in Sources */ = {isa = PBXBuildFile; fileRef = B1000016234567890ABCDEF1 /* CodeBlockView.swift */; };
		B1000017234567890ABCDEF1 /* MarkdownElements.swift in Sources */ = {isa = PBXBuildFile; fileRef = B1000018234567890ABCDEF1 /* MarkdownElements.swift */; };
		B1000019234567890ABCDEF1 /* AsyncImageView.swift in Sources */ = {isa = PBXBuildFile; fileRef = B100001A234567890ABCDEF1 /* AsyncImageView.swift */; };
		B100001B234567890ABCDEF1 /* Base64ImageView.swift in Sources */ = {isa = PBXBuildFile; fileRef = B100001C234567890ABCDEF1 /* Base64ImageView.swift */; };
		B100001D234567890ABCDEF1 /* LocalFileImageView.swift in Sources */ = {isa = PBXBuildFile; fileRef = B100001E234567890ABCDEF1 /* LocalFileImageView.swift */; };
		B100001F234567890ABCDEF1 /* ImageDisplayView.swift in Sources */ = {isa = PBXBuildFile; fileRef = B1000020234567890ABCDEF1 /* ImageDisplayView.swift */; };
		B1000021234567890ABCDEF1 /* AttachmentView.swift in Sources */ = {isa = PBXBuildFile; fileRef = B1000022234567890ABCDEF1 /* AttachmentView.swift */; };
		B1000023234567890ABCDEF1 /* ErrorBannerView.swift in Sources */ = {isa = PBXBuildFile; fileRef = B1000024234567890ABCDEF1 /* ErrorBannerView.swift */; };
		B1000025234567890ABCDEF1 /* WelcomeView.swift in Sources */ = {isa = PBXBuildFile; fileRef = B1000026234567890ABCDEF1 /* WelcomeView.swift */; };
		B1000027234567890ABCDEF1 /* TypingIndicator.swift in Sources */ = {isa = PBXBuildFile; fileRef = B1000028234567890ABCDEF1 /* TypingIndicator.swift */; };
		B1000029234567890ABCDEF1 /* ViewExtensions.swift in Sources */ = {isa = PBXBuildFile; fileRef = B100002A234567890ABCDEF1 /* ViewExtensions.swift */; };
		B100002C234567890ABCDEF1 /* FileDownloadView.swift in Sources */ = {isa = PBXBuildFile; fileRef = B100002D234567890ABCDEF1 /* FileDownloadView.swift */; };
		B1000036234567890ABCDEF1 /* RichMessageTextView.swift in Sources */ = {isa = PBXBuildFile; fileRef = B1000037234567890ABCDEF1 /* RichMessageTextView.swift */; };
		B1000041234567890ABCDEF1 /* ThinkingBlockView.swift in Sources */ = {isa = PBXBuildFile; fileRef = B1000042234567890ABCDEF1 /* ThinkingBlockView.swift */; };
		B1C1BE120100000000000001 /* CyberGridBackground.swift in Sources */ = {isa = PBXBuildFile; fileRef = B1C1BE120200000000000001 /* CyberGridBackground.swift */; };
		B1FADE0100000000000001A1 /* CyberGrid.metal in Sources */ = {isa = PBXBuildFile; fileRef = B1FADE0200000000000001A1 /* CyberGrid.metal */; };
		C1000001234567890ABCDEF1 /* TunnelView.swift in Sources */ = {isa = PBXBuildFile; fileRef = C1000002234567890ABCDEF1 /* TunnelView.swift */; };
		C1000003234567890ABCDEF1 /* TunnelManager.swift in Sources */ = {isa = PBXBuildFile; fileRef = C1000004234567890ABCDEF1 /* TunnelManager.swift */; };
		D1000001234567890ABCDEF1 /* SystemMessageView.swift in Sources */ = {isa = PBXBuildFile; fileRef = D1000002234567890ABCDEF1 /* SystemMessageView.swift */; };
		DD8600D102F41BB40F368F23 /* FeatureFlagsSettingsView.swift in Sources */ = {isa = PBXBuildFile; fileRef = 251B79292F132B058FE6EE19 /* FeatureFlagsSettingsView.swift */; };
		DDA100010000000000DUCK01 /* DuckSettingsView.swift in Sources */ = {isa = PBXBuildFile; fileRef = DDA100020000000000DUCK01 /* DuckSettingsView.swift */; };
		E1000001234567890ABCDEF1 /* TTSService.swift in Sources */ = {isa = PBXBuildFile; fileRef = E1000002234567890ABCDEF1 /* TTSService.swift */; };
		E1000003234567890ABCDEF1 /* VoiceInputService.swift in Sources */ = {isa = PBXBuildFile; fileRef = E1000004234567890ABCDEF1 /* VoiceInputService.swift */; };
		E1000005234567890ABCDEF1 /* Speech.framework in Frameworks */ = {isa = PBXBuildFile; fileRef = E1000006234567890ABCDEF1 /* Speech.framework */; };
		E1000007234567890ABCDEF1 /* AVFoundation.framework in Frameworks */ = {isa = PBXBuildFile; fileRef = E1000008234567890ABCDEF1 /* AVFoundation.framework */; };
		E257D71DCE99CD064B107948 /* ContextVisualizationView.swift in Sources */ = {isa = PBXBuildFile; fileRef = 6BFA7AE349288F5BDAFADD6A /* ContextVisualizationView.swift */; };
		EE000001234567890ABCDEF1 /* EggModeManager.swift in Sources */ = {isa = PBXBuildFile; fileRef = EE000002234567890ABCDEF1 /* EggModeManager.swift */; };
		F1000001234567890ABCDEF1 /* MonitoringViewModel.swift in Sources */ = {isa = PBXBuildFile; fileRef = F1000002234567890ABCDEF1 /* MonitoringViewModel.swift */; };
		F1000003234567890ABCDEF1 /* MonitoringWindowView.swift in Sources */ = {isa = PBXBuildFile; fileRef = F1000004234567890ABCDEF1 /* MonitoringWindowView.swift */; };
		F1000005234567890ABCDEF1 /* ExecutionTimelineView.swift in Sources */ = {isa = PBXBuildFile; fileRef = F1000006234567890ABCDEF1 /* ExecutionTimelineView.swift */; };
		F1000007234567890ABCDEF1 /* SystemStatusDashboardView.swift in Sources */ = {isa = PBXBuildFile; fileRef = F1000008234567890ABCDEF1 /* SystemStatusDashboardView.swift */; };
		F1000009234567890ABCDEF1 /* HistoryAnalysisView.swift in Sources */ = {isa = PBXBuildFile; fileRef = F100000A234567890ABCDEF1 /* HistoryAnalysisView.swift */; };
		F100000B234567890ABCDEF1 /* LogStreamView.swift in Sources */ = {isa = PBXBuildFile; fileRef = F100000C234567890ABCDEF1 /* LogStreamView.swift */; };
		F100000D234567890ABCDEF2 /* CyberpunkTheme.swift in Sources */ = {isa = PBXBuildFile; fileRef = F100000E234567890ABCDEF2 /* CyberpunkTheme.swift */; };
		F100000F234567890ABCDEF2 /* UsageStatisticsView.swift in Sources */ = {isa = PBXBuildFile; fileRef = F1000010234567890ABCDEF2 /* UsageStatisticsView.swift */; };
		F100011234567890ABCDEF3 /* TracesDashboardView.swift in Sources */ = {isa = PBXBuildFile; fileRef = F100011334567890ABCDEF3 /* TracesDashboardView.swift */; };
		F1000116234567890ABCDEF4 /* AgentLiveView.swift in Sources */ = {isa = PBXBuildFile; fileRef = F1000117234567890ABCDEF4 /* AgentLiveView.swift */; };
		F2000001234567890ABCDEF1 /* Fonts in Resources */ = {isa = PBXBuildFile; fileRef = F2000002234567890ABCDEF1 /* Fonts */; };
		FDA6E3FEDCAFDC550744DA49 /* MCPSettingsView.swift in Sources */ = {isa = PBXBuildFile; fileRef = D229029A59A6E497F6E5D829 /* MCPSettingsView.swift */; };
/* End PBXBuildFile section */

/* Begin PBXFileReference section */
		251B79292F132B058FE6EE19 /* FeatureFlagsSettingsView.swift */ = {isa = PBXFileReference; includeInIndex = 1; lastKnownFileType = sourcecode.swift; path = FeatureFlagsSettingsView.swift; sourceTree = "<group>"; };
		3243E91C4462CBDBC2A01F50 /* RollbackPanelView.swift */ = {isa = PBXFileReference; includeInIndex = 1; lastKnownFileType = sourcecode.swift; path = RollbackPanelView.swift; sourceTree = "<group>"; };
		4C1EABE82F4AA642004A5BDD /* ProcessManager.swift */ = {isa = PBXFileReference; lastKnownFileType = sourcecode.swift; path = ProcessManager.swift; sourceTree = "<group>"; };
		4C1EABEA2F4AA658004A5BDD /* ServiceManagerView.swift */ = {isa = PBXFileReference; lastKnownFileType = sourcecode.swift; path = ServiceManagerView.swift; sourceTree = "<group>"; };
		5E03CA151535EB06065CF359 /* Pods-MacAgentApp.release.xcconfig */ = {isa = PBXFileReference; includeInIndex = 1; lastKnownFileType = text.xcconfig; name = "Pods-MacAgentApp.release.xcconfig"; path = "Target Support Files/Pods-MacAgentApp/Pods-MacAgentApp.release.xcconfig"; sourceTree = "<group>"; };
		6BFA7AE349288F5BDAFADD6A /* ContextVisualizationView.swift */ = {isa = PBXFileReference; includeInIndex = 1; lastKnownFileType = sourcecode.swift; path = ContextVisualizationView.swift; sourceTree = "<group>"; };
		6F634291F3212FD31A180945 /* PortSettingsView.swift */ = {isa = PBXFileReference; includeInIndex = 1; lastKnownFileType = sourcecode.swift; path = PortSettingsView.swift; sourceTree = "<group>"; };
		96FBF8AC5BB63CB582E2C7D1 /* HITLOverlayView.swift */ = {isa = PBXFileReference; includeInIndex = 1; lastKnownFileType = sourcecode.swift; path = HITLOverlayView.swift; sourceTree = "<group>"; };
		A1000000234567890ABCDEF1 /* MacAgentApp.app */ = {isa = PBXFileReference; explicitFileType = wrapper.application; includeInIndex = 0; path = MacAgentApp.app; sourceTree = BUILT_PRODUCTS_DIR; };
		A1000002234567890ABCDEF1 /* MacAgentApp.swift */ = {isa = PBXFileReference; lastKnownFileType = sourcecode.swift; path = MacAgentApp.swift; sourceTree = "<group>"; };
		A1000004234567890ABCDEF1 /* ContentView.swift */ = {isa = PBXFileReference; lastKnownFileType = sourcecode.swift; path = ContentView.swift; sourceTree = "<group>"; };
		A1000006234567890ABCDEF1 /* Assets.xcassets */ = {isa = PBXFileReference; lastKnownFileType = folder.assetcatalog; path = Assets.xcassets; sourceTree = "<group>"; };
		A1000008234567890ABCDEF1 /* Message.swift */ = {isa = PBXFileReference; lastKnownFileType = sourcecode.swift; path = Message.swift; sourceTree = "<group>"; };
		A100000A234567890ABCDEF1 /* AgentViewModel.swift */ = {isa = PBXFileReference; lastKnownFileType = sourcecode.swift; path = AgentViewModel.swift; sourceTree = "<group>"; };
		A100000C234567890ABCDEF1 /* BackendService.swift */ = {isa = PBXFileReference; lastKnownFileType = sourcecode.swift; path = BackendService.swift; sourceTree = "<group>"; };
		A1000010234567890ABCDEF1 /* SidebarView.swift */ = {isa = PBXFileReference; lastKnownFileType = sourcecode.swift; path = SidebarView.swift; sourceTree = "<group>"; };
		A1000012234567890ABCDEF1 /* ToolPanelView.swift */ = {isa = PBXFileReference; lastKnownFileType = sourcecode.swift; path = ToolPanelView.swift; sourceTree = "<group>"; };
		A1000014234567890ABCDEF1 /* SettingsView.swift */ = {isa = PBXFileReference; lastKnownFileType = sourcecode.swift; path = SettingsView.swift; sourceTree = "<group>"; };
		A1000016234567890ABCDEF1 /* MacAgentApp.entitlements */ = {isa = PBXFileReference; lastKnownFileType = text.plist.entitlements; path = MacAgentApp.entitlements; sourceTree = "<group>"; };
		A2000002234567890ABCDEF1 /* PermissionManager.swift */ = {isa = PBXFileReference; lastKnownFileType = sourcecode.swift; path = PermissionManager.swift; sourceTree = "<group>"; };
		A2000004234567890ABCDEF1 /* PermissionSettingsView.swift */ = {isa = PBXFileReference; lastKnownFileType = sourcecode.swift; path = PermissionSettingsView.swift; sourceTree = "<group>"; };
		AB00000200000000A11Y001 /* AccessibilityMonitorView.swift */ = {isa = PBXFileReference; lastKnownFileType = sourcecode.swift; path = AccessibilityMonitorView.swift; sourceTree = "<group>"; };
		AB00000200000000ACTBX01 /* ActionBatchExecutor.swift */ = {isa = PBXFileReference; lastKnownFileType = sourcecode.swift; path = ActionBatchExecutor.swift; sourceTree = "<group>"; };
		AB00000200000000AX5ERV01 /* AccessibilityService.swift */ = {isa = PBXFileReference; lastKnownFileType = sourcecode.swift; path = AccessibilityService.swift; sourceTree = "<group>"; };
		AB00000200000000AXBRDG01 /* AccessibilityBridge.swift */ = {isa = PBXFileReference; lastKnownFileType = sourcecode.swift; path = AccessibilityBridge.swift; sourceTree = "<group>"; };
		AB00000200000000AXOBSV01 /* AXObserverManager.swift */ = {isa = PBXFileReference; lastKnownFileType = sourcecode.swift; path = AXObserverManager.swift; sourceTree = "<group>"; };
		AB00000200000000GUSST01 /* GUIStateStore.swift */ = {isa = PBXFileReference; lastKnownFileType = sourcecode.swift; path = GUIStateStore.swift; sourceTree = "<group>"; };
		AB00000200000000IPCSR01 /* IPCService.swift */ = {isa = PBXFileReference; lastKnownFileType = sourcecode.swift; path = IPCService.swift; sourceTree = "<group>"; };
		AB00000200000000VIS00001 /* VisionFallbackService.swift */ = {isa = PBXFileReference; lastKnownFileType = sourcecode.swift; path = VisionFallbackService.swift; sourceTree = "<group>"; };
		B1000002234567890ABCDEF1 /* ChatView.swift */ = {isa = PBXFileReference; lastKnownFileType = sourcecode.swift; path = ChatView.swift; sourceTree = "<group>"; };
		B1000004234567890ABCDEF1 /* MessageBubble.swift */ = {isa = PBXFileReference; lastKnownFileType = sourcecode.swift; path = MessageBubble.swift; sourceTree = "<group>"; };
		B1000006234567890ABCDEF1 /* MessageAvatars.swift */ = {isa = PBXFileReference; lastKnownFileType = sourcecode.swift; path = MessageAvatars.swift; sourceTree = "<group>"; };
		B1000008234567890ABCDEF1 /* UserMessageContent.swift */ = {isa = PBXFileReference; lastKnownFileType = sourcecode.swift; path = UserMessageContent.swift; sourceTree = "<group>"; };
		B100000A234567890ABCDEF1 /* AssistantMessageContent.swift */ = {isa = PBXFileReference; lastKnownFileType = sourcecode.swift; path = AssistantMessageContent.swift; sourceTree = "<group>"; };
		B100000C234567890ABCDEF1 /* InputBar.swift */ = {isa = PBXFileReference; lastKnownFileType = sourcecode.swift; path = InputBar.swift; sourceTree = "<group>"; };
		B100000E234567890ABCDEF1 /* CustomTextEditor.swift */ = {isa = PBXFileReference; lastKnownFileType = sourcecode.swift; path = CustomTextEditor.swift; sourceTree = "<group>"; };
		B1000010234567890ABCDEF1 /* MarkdownParser.swift */ = {isa = PBXFileReference; lastKnownFileType = sourcecode.swift; path = MarkdownParser.swift; sourceTree = "<group>"; };
		B1000012234567890ABCDEF1 /* RichMarkdownView.swift */ = {isa = PBXFileReference; lastKnownFileType = sourcecode.swift; path = RichMarkdownView.swift; sourceTree = "<group>"; };
		B1000014234567890ABCDEF1 /* InlineMarkdownText.swift */ = {isa = PBXFileReference; lastKnownFileType = sourcecode.swift; path = InlineMarkdownText.swift; sourceTree = "<group>"; };
		B1000016234567890ABCDEF1 /* CodeBlockView.swift */ = {isa = PBXFileReference; lastKnownFileType = sourcecode.swift; path = CodeBlockView.swift; sourceTree = "<group>"; };
		B1000018234567890ABCDEF1 /* MarkdownElements.swift */ = {isa = PBXFileReference; lastKnownFileType = sourcecode.swift; path = MarkdownElements.swift; sourceTree = "<group>"; };
		B100001A234567890ABCDEF1 /* AsyncImageView.swift */ = {isa = PBXFileReference; lastKnownFileType = sourcecode.swift; path = AsyncImageView.swift; sourceTree = "<group>"; };
		B100001C234567890ABCDEF1 /* Base64ImageView.swift */ = {isa = PBXFileReference; lastKnownFileType = sourcecode.swift; path = Base64ImageView.swift; sourceTree = "<group>"; };
		B100001E234567890ABCDEF1 /* LocalFileImageView.swift */ = {isa = PBXFileReference; lastKnownFileType = sourcecode.swift; path = LocalFileImageView.swift; sourceTree = "<group>"; };
		B1000020234567890ABCDEF1 /* ImageDisplayView.swift */ = {isa = PBXFileReference; lastKnownFileType = sourcecode.swift; path = ImageDisplayView.swift; sourceTree = "<group>"; };
		B1000022234567890ABCDEF1 /* AttachmentView.swift */ = {isa = PBXFileReference; lastKnownFileType = sourcecode.swift; path = AttachmentView.swift; sourceTree = "<group>"; };
		B1000024234567890ABCDEF1 /* ErrorBannerView.swift */ = {isa = PBXFileReference; lastKnownFileType = sourcecode.swift; path = ErrorBannerView.swift; sourceTree = "<group>"; };
		B1000026234567890ABCDEF1 /* WelcomeView.swift */ = {isa = PBXFileReference; lastKnownFileType = sourcecode.swift; path = WelcomeView.swift; sourceTree = "<group>"; };
		B1000028234567890ABCDEF1 /* TypingIndicator.swift */ = {isa = PBXFileReference; lastKnownFileType = sourcecode.swift; path = TypingIndicator.swift; sourceTree = "<group>"; };
		B100002A234567890ABCDEF1 /* ViewExtensions.swift */ = {isa = PBXFileReference; lastKnownFileType = sourcecode.swift; path = ViewExtensions.swift; sourceTree = "<group>"; };
		B100002D234567890ABCDEF1 /* FileDownloadView.swift */ = {isa = PBXFileReference; lastKnownFileType = sourcecode.swift; path = FileDownloadView.swift; sourceTree = "<group>"; };
		B1000037234567890ABCDEF1 /* RichMessageTextView.swift */ = {isa = PBXFileReference; lastKnownFileType = sourcecode.swift; path = RichMessageTextView.swift; sourceTree = "<group>"; };
		B1000042234567890ABCDEF1 /* ThinkingBlockView.swift */ = {isa = PBXFileReference; lastKnownFileType = sourcecode.swift; path = ThinkingBlockView.swift; sourceTree = "<group>"; };
		B1C1BE120200000000000001 /* CyberGridBackground.swift */ = {isa = PBXFileReference; lastKnownFileType = sourcecode.swift; path = CyberGridBackground.swift; sourceTree = "<group>"; };
		B1FADE0200000000000001A1 /* CyberGrid.metal */ = {isa = PBXFileReference; lastKnownFileType = sourcecode.metal; path = CyberGrid.metal; sourceTree = "<group>"; };
		BD1CE4721D2D0BF84AE2BCE2 /* PortConfiguration.swift */ = {isa = PBXFileReference; includeInIndex = 1; lastKnownFileType = sourcecode.swift; path = PortConfiguration.swift; sourceTree = "<group>"; };
		BD6116C58605B732EAC12A9C /* PortConfiguration.swift */ = {isa = PBXFileReference; includeInIndex = 1; lastKnownFileType = sourcecode.swift; path = PortConfiguration.swift; sourceTree = "<group>"; };
		C1000002234567890ABCDEF1 /* TunnelView.swift */ = {isa = PBXFileReference; lastKnownFileType = sourcecode.swift; path = TunnelView.swift; sourceTree = "<group>"; };
		C1000004234567890ABCDEF1 /* TunnelManager.swift */ = {isa = PBXFileReference; lastKnownFileType = sourcecode.swift; path = TunnelManager.swift; sourceTree = "<group>"; };
		CE6A646519309662C764B1FE /* Pods_MacAgentApp.framework */ = {isa = PBXFileReference; explicitFileType = wrapper.framework; includeInIndex = 0; path = Pods_MacAgentApp.framework; sourceTree = BUILT_PRODUCTS_DIR; };
		D1000002234567890ABCDEF1 /* SystemMessageView.swift */ = {isa = PBXFileReference; lastKnownFileType = sourcecode.swift; path = SystemMessageView.swift; sourceTree = "<group>"; };
		D229029A59A6E497F6E5D829 /* MCPSettingsView.swift */ = {isa = PBXFileReference; includeInIndex = 1; lastKnownFileType = sourcecode.swift; path = MCPSettingsView.swift; sourceTree = "<group>"; };
		DBD7A38628B7F0D6E7B3A98B /* PortSettingsView.swift */ = {isa = PBXFileReference; includeInIndex = 1; lastKnownFileType = sourcecode.swift; path = PortSettingsView.swift; sourceTree = "<group>"; };
		DDA100020000000000DUCK01 /* DuckSettingsView.swift */ = {isa = PBXFileReference; includeInIndex = 1; lastKnownFileType = sourcecode.swift; path = DuckSettingsView.swift; sourceTree = "<group>"; };
		E1000002234567890ABCDEF1 /* TTSService.swift */ = {isa = PBXFileReference; lastKnownFileType = sourcecode.swift; path = TTSService.swift; sourceTree = "<group>"; };
		E1000004234567890ABCDEF1 /* VoiceInputService.swift */ = {isa = PBXFileReference; lastKnownFileType = sourcecode.swift; path = VoiceInputService.swift; sourceTree = "<group>"; };
		E1000006234567890ABCDEF1 /* Speech.framework */ = {isa = PBXFileReference; lastKnownFileType = wrapper.framework; path = Speech.framework; sourceTree = SDKROOT; };
		E1000008234567890ABCDEF1 /* AVFoundation.framework */ = {isa = PBXFileReference; lastKnownFileType = wrapper.framework; path = AVFoundation.framework; sourceTree = SDKROOT; };
		E2831BE2E22BD476FC5BB8B4 /* Pods-MacAgentApp.debug.xcconfig */ = {isa = PBXFileReference; includeInIndex = 1; lastKnownFileType = text.xcconfig; name = "Pods-MacAgentApp.debug.xcconfig"; path = "Target Support Files/Pods-MacAgentApp/Pods-MacAgentApp.debug.xcconfig"; sourceTree = "<group>"; };
		EE000002234567890ABCDEF1 /* EggModeManager.swift */ = {isa = PBXFileReference; lastKnownFileType = sourcecode.swift; path = EggModeManager.swift; sourceTree = "<group>"; };
		EF865104315098FC6C97C17F /* AuditLogView.swift */ = {isa = PBXFileReference; includeInIndex = 1; lastKnownFileType = sourcecode.swift; path = AuditLogView.swift; sourceTree = "<group>"; };
		F1000002234567890ABCDEF1 /* MonitoringViewModel.swift */ = {isa = PBXFileReference; lastKnownFileType = sourcecode.swift; path = MonitoringViewModel.swift; sourceTree = "<group>"; };
		F1000004234567890ABCDEF1 /* MonitoringWindowView.swift */ = {isa = PBXFileReference; lastKnownFileType = sourcecode.swift; path = MonitoringWindowView.swift; sourceTree = "<group>"; };
		F1000006234567890ABCDEF1 /* ExecutionTimelineView.swift */ = {isa = PBXFileReference; lastKnownFileType = sourcecode.swift; path = ExecutionTimelineView.swift; sourceTree = "<group>"; };
		F1000008234567890ABCDEF1 /* SystemStatusDashboardView.swift */ = {isa = PBXFileReference; lastKnownFileType = sourcecode.swift; path = SystemStatusDashboardView.swift; sourceTree = "<group>"; };
		F100000A234567890ABCDEF1 /* HistoryAnalysisView.swift */ = {isa = PBXFileReference; lastKnownFileType = sourcecode.swift; path = HistoryAnalysisView.swift; sourceTree = "<group>"; };
		F100000C234567890ABCDEF1 /* LogStreamView.swift */ = {isa = PBXFileReference; lastKnownFileType = sourcecode.swift; path = LogStreamView.swift; sourceTree = "<group>"; };
		F100000E234567890ABCDEF2 /* CyberpunkTheme.swift */ = {isa = PBXFileReference; lastKnownFileType = sourcecode.swift; path = CyberpunkTheme.swift; sourceTree = "<group>"; };
		F1000010234567890ABCDEF2 /* UsageStatisticsView.swift */ = {isa = PBXFileReference; lastKnownFileType = sourcecode.swift; path = UsageStatisticsView.swift; sourceTree = "<group>"; };
		F100011334567890ABCDEF3 /* TracesDashboardView.swift */ = {isa = PBXFileReference; lastKnownFileType = sourcecode.swift; path = TracesDashboardView.swift; sourceTree = "<group>"; };
		F1000117234567890ABCDEF4 /* AgentLiveView.swift */ = {isa = PBXFileReference; lastKnownFileType = sourcecode.swift; path = AgentLiveView.swift; sourceTree = "<group>"; };
		F2000002234567890ABCDEF1 /* Fonts */ = {isa = PBXFileReference; lastKnownFileType = folder; path = Fonts; sourceTree = "<group>"; };
/* End PBXFileReference section */

/* Begin PBXFrameworksBuildPhase section */
		A10000FD234567890ABCDEF1 /* Frameworks */ = {
			isa = PBXFrameworksBuildPhase;
			buildActionMask = 2147483647;
			files = (
				512B129F2AC9980B6FFC7CF4 /* Pods_MacAgentApp.framework in Frameworks */,
				E1000005234567890ABCDEF1 /* Speech.framework in Frameworks */,
				E1000007234567890ABCDEF1 /* AVFoundation.framework in Frameworks */,
			);
			runOnlyForDeploymentPostprocessing = 0;
		};
/* End PBXFrameworksBuildPhase section */

/* Begin PBXGroup section */
		1540237FFEFF4065F998A709 /* Frameworks */ = {
			isa = PBXGroup;
			children = (
				CE6A646519309662C764B1FE /* Pods_MacAgentApp.framework */,
			);
			name = Frameworks;
			sourceTree = "<group>";
		};
		1DCA4D4222C841407E3E4D9A /* Pods */ = {
			isa = PBXGroup;
			children = (
				E2831BE2E22BD476FC5BB8B4 /* Pods-MacAgentApp.debug.xcconfig */,
				5E03CA151535EB06065CF359 /* Pods-MacAgentApp.release.xcconfig */,
			);
			path = Pods;
			sourceTree = "<group>";
		};
		4CB1E8B42F5030B000A0E3FC /* Recovered References */ = {
			isa = PBXGroup;
			children = (
				E1000006234567890ABCDEF1 /* Speech.framework */,
				E1000008234567890ABCDEF1 /* AVFoundation.framework */,
			);
			name = "Recovered References";
			sourceTree = "<group>";
		};
		A10000F7234567890ABCDEF1 = {
			isa = PBXGroup;
			children = (
				A1000101234567890ABCDEF1 /* MacAgentApp */,
				A1000100234567890ABCDEF1 /* Products */,
				1DCA4D4222C841407E3E4D9A /* Pods */,
				1540237FFEFF4065F998A709 /* Frameworks */,
				4CB1E8B42F5030B000A0E3FC /* Recovered References */,
			);
			sourceTree = "<group>";
		};
		A1000100234567890ABCDEF1 /* Products */ = {
			isa = PBXGroup;
			children = (
				A1000000234567890ABCDEF1 /* MacAgentApp.app */,
			);
			name = Products;
			sourceTree = "<group>";
		};
		A1000101234567890ABCDEF1 /* MacAgentApp */ = {
			isa = PBXGroup;
			children = (
				A1000002234567890ABCDEF1 /* MacAgentApp.swift */,
				A1000004234567890ABCDEF1 /* ContentView.swift */,
				A1000102234567890ABCDEF1 /* Views */,
				A1000103234567890ABCDEF1 /* ViewModels */,
				A1000104234567890ABCDEF1 /* Services */,
				A1000105234567890ABCDEF1 /* Models */,
				B1FADE0300000000000001A1 /* Shaders */,
				A1000006234567890ABCDEF1 /* Assets.xcassets */,
				F2000003234567890ABCDEF1 /* Resources */,
				A1000016234567890ABCDEF1 /* MacAgentApp.entitlements */,
			);
			path = MacAgentApp;
			sourceTree = "<group>";
		};
		A1000102234567890ABCDEF1 /* Views */ = {
			isa = PBXGroup;
			children = (
				B1000030234567890ABCDEF1 /* 聊天 */,
				F100000D234567890ABCDEF1 /* Monitoring */,
				4C1EABEA2F4AA658004A5BDD /* ServiceManagerView.swift */,
				C1000002234567890ABCDEF1 /* TunnelView.swift */,
				A1000010234567890ABCDEF1 /* SidebarView.swift */,
				A1000012234567890ABCDEF1 /* ToolPanelView.swift */,
				A1000014234567890ABCDEF1 /* SettingsView.swift */,
				D1000002234567890ABCDEF1 /* SystemMessageView.swift */,
				A2000004234567890ABCDEF1 /* PermissionSettingsView.swift */,
				3243E91C4462CBDBC2A01F50 /* RollbackPanelView.swift */,
				D229029A59A6E497F6E5D829 /* MCPSettingsView.swift */,
				96FBF8AC5BB63CB582E2C7D1 /* HITLOverlayView.swift */,
				251B79292F132B058FE6EE19 /* FeatureFlagsSettingsView.swift */,
				EF865104315098FC6C97C17F /* AuditLogView.swift */,
				6BFA7AE349288F5BDAFADD6A /* ContextVisualizationView.swift */,
				DDA100020000000000DUCK01 /* DuckSettingsView.swift */,
				6F634291F3212FD31A180945 /* PortSettingsView.swift */,
				DBD7A38628B7F0D6E7B3A98B /* PortSettingsView.swift */,
			);
			path = Views;
			sourceTree = "<group>";
		};
		A1000103234567890ABCDEF1 /* ViewModels */ = {
			isa = PBXGroup;
			children = (
				A100000A234567890ABCDEF1 /* AgentViewModel.swift */,
				F1000002234567890ABCDEF1 /* MonitoringViewModel.swift */,
			);
			path = ViewModels;
			sourceTree = "<group>";
		};
		A1000104234567890ABCDEF1 /* Services */ = {
			isa = PBXGroup;
			children = (
				4C1EABE82F4AA642004A5BDD /* ProcessManager.swift */,
				C1000004234567890ABCDEF1 /* TunnelManager.swift */,
				A100000C234567890ABCDEF1 /* BackendService.swift */,
				EE000002234567890ABCDEF1 /* EggModeManager.swift */,
				E1000002234567890ABCDEF1 /* TTSService.swift */,
				E1000004234567890ABCDEF1 /* VoiceInputService.swift */,
				A2000002234567890ABCDEF1 /* PermissionManager.swift */,
				AB00000200000000AX5ERV01 /* AccessibilityService.swift */,
				AB00000200000000AXBRDG01 /* AccessibilityBridge.swift */,
				AB00000200000000AXOBSV01 /* AXObserverManager.swift */,
				AB00000200000000GUSST01 /* GUIStateStore.swift */,
				AB00000200000000ACTBX01 /* ActionBatchExecutor.swift */,
				AB00000200000000IPCSR01 /* IPCService.swift */,
				AB00000200000000VIS00001 /* VisionFallbackService.swift */,
				BD1CE4721D2D0BF84AE2BCE2 /* PortConfiguration.swift */,
				BD6116C58605B732EAC12A9C /* PortConfiguration.swift */,
			);
			path = Services;
			sourceTree = "<group>";
		};
		A1000105234567890ABCDEF1 /* Models */ = {
			isa = PBXGroup;
			children = (
				A1000008234567890ABCDEF1 /* Message.swift */,
			);
			path = Models;
			sourceTree = "<group>";
		};
		B1000030234567890ABCDEF1 /* 聊天 */ = {
			isa = PBXGroup;
			children = (
				B1000002234567890ABCDEF1 /* ChatView.swift */,
				B1C1BE120200000000000001 /* CyberGridBackground.swift */,
				B1000031234567890ABCDEF1 /* 消息 */,
				B1000032234567890ABCDEF1 /* 输入 */,
				B1000033234567890ABCDEF1 /* Markdown渲染 */,
				B1000034234567890ABCDEF1 /* 图片 */,
				B1000035234567890ABCDEF1 /* 辅助组件 */,
			);
			path = "聊天";
			sourceTree = "<group>";
		};
		B1000031234567890ABCDEF1 /* 消息 */ = {
			isa = PBXGroup;
			children = (
				B1000004234567890ABCDEF1 /* MessageBubble.swift */,
				B1000006234567890ABCDEF1 /* MessageAvatars.swift */,
				B1000008234567890ABCDEF1 /* UserMessageContent.swift */,
				B100000A234567890ABCDEF1 /* AssistantMessageContent.swift */,
			);
			path = "消息";
			sourceTree = "<group>";
		};
		B1000032234567890ABCDEF1 /* 输入 */ = {
			isa = PBXGroup;
			children = (
				B100000C234567890ABCDEF1 /* InputBar.swift */,
				B100000E234567890ABCDEF1 /* CustomTextEditor.swift */,
			);
			path = "输入";
			sourceTree = "<group>";
		};
		B1000033234567890ABCDEF1 /* Markdown渲染 */ = {
			isa = PBXGroup;
			children = (
				B1000010234567890ABCDEF1 /* MarkdownParser.swift */,
				B1000012234567890ABCDEF1 /* RichMarkdownView.swift */,
				B1000037234567890ABCDEF1 /* RichMessageTextView.swift */,
				B1000014234567890ABCDEF1 /* InlineMarkdownText.swift */,
				B1000016234567890ABCDEF1 /* CodeBlockView.swift */,
				B1000042234567890ABCDEF1 /* ThinkingBlockView.swift */,
				B1000018234567890ABCDEF1 /* MarkdownElements.swift */,
			);
			path = "Markdown渲染";
			sourceTree = "<group>";
		};
		B1000034234567890ABCDEF1 /* 图片 */ = {
			isa = PBXGroup;
			children = (
				B100001A234567890ABCDEF1 /* AsyncImageView.swift */,
				B100001C234567890ABCDEF1 /* Base64ImageView.swift */,
				B100001E234567890ABCDEF1 /* LocalFileImageView.swift */,
				B1000020234567890ABCDEF1 /* ImageDisplayView.swift */,
				B1000022234567890ABCDEF1 /* AttachmentView.swift */,
			);
			path = "图片";
			sourceTree = "<group>";
		};
		B1000035234567890ABCDEF1 /* 辅助组件 */ = {
			isa = PBXGroup;
			children = (
				B1000024234567890ABCDEF1 /* ErrorBannerView.swift */,
				B1000026234567890ABCDEF1 /* WelcomeView.swift */,
				B1000028234567890ABCDEF1 /* TypingIndicator.swift */,
				B100002A234567890ABCDEF1 /* ViewExtensions.swift */,
				B100002D234567890ABCDEF1 /* FileDownloadView.swift */,
			);
			path = "辅助组件";
			sourceTree = "<group>";
		};
		B1FADE0300000000000001A1 /* Shaders */ = {
			isa = PBXGroup;
			children = (
				B1FADE0200000000000001A1 /* CyberGrid.metal */,
			);
			path = Shaders;
			sourceTree = "<group>";
		};
		F100000D234567890ABCDEF1 /* Monitoring */ = {
			isa = PBXGroup;
			children = (
				F1000117234567890ABCDEF4 /* AgentLiveView.swift */,
				F100000E234567890ABCDEF2 /* CyberpunkTheme.swift */,
				F1000004234567890ABCDEF1 /* MonitoringWindowView.swift */,
				F1000006234567890ABCDEF1 /* ExecutionTimelineView.swift */,
				F1000008234567890ABCDEF1 /* SystemStatusDashboardView.swift */,
				F100000A234567890ABCDEF1 /* HistoryAnalysisView.swift */,
				F100000C234567890ABCDEF1 /* LogStreamView.swift */,
				F1000010234567890ABCDEF2 /* UsageStatisticsView.swift */,
				F100011334567890ABCDEF3 /* TracesDashboardView.swift */,
				AB00000200000000A11Y001 /* AccessibilityMonitorView.swift */,
			);
			path = Monitoring;
			sourceTree = "<group>";
		};
		F2000003234567890ABCDEF1 /* Resources */ = {
			isa = PBXGroup;
			children = (
				F2000002234567890ABCDEF1 /* Fonts */,
			);
			path = Resources;
			sourceTree = "<group>";
		};
/* End PBXGroup section */

/* Begin PBXNativeTarget section */
		A10000FF234567890ABCDEF1 /* MacAgentApp */ = {
			isa = PBXNativeTarget;
			buildConfigurationList = A1000115234567890ABCDEF1 /* Build configuration list for PBXNativeTarget "MacAgentApp" */;
			buildPhases = (
				D3EABD9E1004CB61024BFAF0 /* [CP] Check Pods Manifest.lock */,
				A10000FC234567890ABCDEF1 /* Sources */,
				A10000FD234567890ABCDEF1 /* Frameworks */,
				B5000001234567890ABCDEF1 /* Pre-install backend dependencies */,
				B4000001234567890ABCDEF1 /* Copy Backend to Resources */,
				A10000FE234567890ABCDEF1 /* Resources */,
				B2000001234567890ABCDEF1 /* Strip venv and sensitive data from backend */,
			);
			buildRules = (
			);
			dependencies = (
			);
			name = MacAgentApp;
			productName = MacAgentApp;
			productReference = A1000000234567890ABCDEF1 /* MacAgentApp.app */;
			productType = "com.apple.product-type.application";
		};
/* End PBXNativeTarget section */

/* Begin PBXProject section */
		A10000F8234567890ABCDEF1 /* Project object */ = {
			isa = PBXProject;
			attributes = {
				BuildIndependentTargetsInParallel = 1;
				LastSwiftUpdateCheck = 1500;
				LastUpgradeCheck = 2600;
				TargetAttributes = {
					A10000FF234567890ABCDEF1 = {
						CreatedOnToolsVersion = 15.0;
					};
				};
			};
			buildConfigurationList = A10000FB234567890ABCDEF1 /* Build configuration list for PBXProject "MacAgentApp" */;
			compatibilityVersion = "Xcode 14.0";
			developmentRegion = en;
			hasScannedForEncodings = 0;
			knownRegions = (
				en,
				Base,
				"zh-Hans",
			);
			mainGroup = A10000F7234567890ABCDEF1;
			minimizedProjectReferenceProxies = 1;
			productRefGroup = A1000100234567890ABCDEF1 /* Products */;
			projectDirPath = "";
			projectRoot = "";
			targets = (
				A10000FF234567890ABCDEF1 /* MacAgentApp */,
			);
		};
/* End PBXProject section */

/* Begin PBXResourcesBuildPhase section */
		A10000FE234567890ABCDEF1 /* Resources */ = {
			isa = PBXResourcesBuildPhase;
			buildActionMask = 2147483647;
			files = (
				A1000005234567890ABCDEF1 /* Assets.xcassets in Resources */,
				F2000001234567890ABCDEF1 /* Fonts in Resources */,
			);
			runOnlyForDeploymentPostprocessing = 0;
		};
/* End PBXResourcesBuildPhase section */

/* Begin PBXShellScriptBuildPhase section */
		B2000001234567890ABCDEF1 /* Strip venv and sensitive data from backend */ = {
			isa = PBXShellScriptBuildPhase;
			buildActionMask = 2147483647;
			files = (
			);
			inputFileListPaths = (
			);
			inputPaths = (
				"${BUILT_PRODUCTS_DIR}/${UNLOCALIZED_RESOURCES_FOLDER_PATH}/backend/start.sh",
			);
			name = "Strip venv and sensitive data from backend";
			outputFileListPaths = (
			);
			outputPaths = (
				"${BUILT_PRODUCTS_DIR}/${UNLOCALIZED_RESOURCES_FOLDER_PATH}/backend/.packaged",
			);
			runOnlyForDeploymentPostprocessing = 1;
			shellPath = /bin/sh;
			shellScript = "# 仅 Archive 时执行：Strip venv/敏感数据，Debug 保留 venv 加快开发\nBACKEND=\"${BUILT_PRODUCTS_DIR}/${UNLOCALIZED_RESOURCES_FOLDER_PATH}/backend\"\nDATA=\"$BACKEND/data\"\n\nif [ -d \"$BACKEND\" ]; then\n  find \"$BACKEND\" -type d -name \"venv\" -print0 2>/dev/null | xargs -0 rm -rf 2>/dev/null || true\n  find \"$BACKEND\" -type d -name \"__pycache__\" -print0 2>/dev/null | xargs -0 rm -rf 2>/dev/null || true\n  find \"$BACKEND\" -type d -name \".git\" -print0 2>/dev/null | xargs -0 rm -rf 2>/dev/null || true\n  touch \"$BACKEND/.packaged\"\nfi\n\nif [ -d \"$DATA\" ]; then\n  rm -rf \"$DATA/agent_config.json\" \"$DATA/contexts\" \"$DATA/episodes\" \"$DATA/evomap\" \"$DATA/model_selection\"\n  rm -rf \"$DATA/strategy_db.json\" \"$DATA/execution_guard_metrics.jsonl\" \"$DATA/query_classifier_metrics.jsonl\"\n  rm -rf \"$DATA/signatures.json\" \"$DATA/agent_evolved_rules.md\"\nfi\n";
			showEnvVarsInLog = 0;
		};
		B4000001234567890ABCDEF1 /* Copy Backend to Resources */ = {
			isa = PBXShellScriptBuildPhase;
			alwaysOutOfDate = 1;
			buildActionMask = 2147483647;
			files = (
			);
			inputFileListPaths = (
			);
			inputPaths = (
			);
			name = "Copy Backend to Resources";
			outputFileListPaths = (
			);
			outputPaths = (
			);
			runOnlyForDeploymentPostprocessing = 0;
			shellPath = /bin/sh;
			shellScript = "set -e\n# Copy backend into App Bundle (Debug uses symlink for speed, Release copies)\nBACKEND_DST=\"${BUILT_PRODUCTS_DIR}/${UNLOCALIZED_RESOURCES_FOLDER_PATH}/backend\"\n\n# Try multiple source paths (workspace vs project)\nBACKEND_SRC=\"\"\nfor CANDIDATE in \"${PROJECT_DIR}/../backend\" \"${SRCROOT}/../backend\" \"${WORKSPACE_DIR}/backend\" \"${PROJECT_DIR}/../../backend\"; do\n  if [ -n \"$CANDIDATE\" ] && [ -d \"$CANDIDATE\" ] && [ -f \"$CANDIDATE/start.sh\" ]; then\n    BACKEND_SRC=\"$(cd \"$CANDIDATE\" && pwd)\"\n    break\n  fi\ndone\n\nif [ -z \"$BACKEND_SRC\" ]; then\n  echo \"error: Backend not found. Tried PROJECT_DIR/../backend, SRCROOT/../backend, WORKSPACE_DIR/backend\" >&2\n  echo \"  PROJECT_DIR=$PROJECT_DIR\" >&2\n  echo \"  SRCROOT=$SRCROOT\" >&2\n  echo \"  WORKSPACE_DIR=$WORKSPACE_DIR\" >&2\n  exit 1\nfi\n\necho \"Copy Backend: SRC=$BACKEND_SRC -> DST=$BACKEND_DST  CONFIGURATION=$CONFIGURATION\"\n\nif [ \"$CONFIGURATION\" = \"Debug\" ]; then\n  # Debug: symlink for instant access, always current\n  rm -rf \"$BACKEND_DST\"\n  mkdir -p \"$(dirname \"$BACKEND_DST\")\"\n  ln -sfh \"$BACKEND_SRC\" \"$BACKEND_DST\"\n  echo \"Backend symlinked (Debug mode)\"\nelse\n  # Release/Archive: full copy for packaging\n  rm -rf \"$BACKEND_DST\"\n  mkdir -p \"$(dirname \"$BACKEND_DST\")\"\n  cp -R \"$BACKEND_SRC\" \"$BACKEND_DST\"\n  echo \"Backend copied (Release mode)\"\nfi\n\n# Verify\nif [ ! -f \"$BACKEND_DST/start.sh\" ]; then\n  echo \"error: Backend copy/link failed - start.sh missing\" >&2\n  exit 1\nfi\necho \"Backend ready at $BACKEND_DST\"\n";
		};
		B5000001234567890ABCDEF1 /* Pre-install backend dependencies */ = {
			isa = PBXShellScriptBuildPhase;
			buildActionMask = 2147483647;
			files = (
			);
			inputFileListPaths = (
			);
			inputPaths = (
				"${PROJECT_DIR}/../backend/requirements-core.txt",
			);
			name = "Pre-install backend dependencies";
			outputFileListPaths = (
			);
			outputPaths = (
				"${PROJECT_DIR}/../backend/lib/.installed",
			);
			runOnlyForDeploymentPostprocessing = 1;
			shellPath = /bin/sh;
			shellScript = "set -e\n# Pre-install 核心依赖（仅 Archive 时执行，Debug 用 venv 加快构建）\nBACKEND=\"${PROJECT_DIR}/../backend\"\nif [ ! -f \"$BACKEND/requirements-core.txt\" ]; then echo \"Skip: requirements-core.txt not found\"; exit 0; fi\n\nPY=\"$(which python3 2>/dev/null || which python 2>/dev/null)\"\nif [ -z \"$PY\" ]; then echo \"error: python3 not found\"; exit 1; fi\n\nVER=\"$($PY -c 'import sys; print(sys.version_info.major, sys.version_info.minor)' 2>/dev/null)\"\nMAJOR=\"${VER%% *}\"\nMINOR=\"${VER##* }\"\nif [ \"$MAJOR\" -lt 3 ] || { [ \"$MAJOR\" -eq 3 ] && [ \"$MINOR\" -lt 8 ]; }; then\n  echo \"error: Python 3.8+ required, got $($PY --version 2>&1)\"; exit 1\nfi\n\nLIB=\"$BACKEND/lib\"\nrm -rf \"$LIB\"\nmkdir -p \"$LIB\"\necho \"Installing core deps to $LIB (Python $VER, ~80MB)...\"\n\"$PY\" -m pip install --quiet --target \"$LIB\" -r \"$BACKEND/requirements-core.txt\"\n\"$PY\" -c \"import sys; open('$LIB/.python_version', 'w').write(f'{sys.version_info.major}.{sys.version_info.minor}')\"\ntouch \"$LIB/.installed\"\necho \"Backend core dependencies installed\"\n";
			showEnvVarsInLog = 0;
		};
		D3EABD9E1004CB61024BFAF0 /* [CP] Check Pods Manifest.lock */ = {
			isa = PBXShellScriptBuildPhase;
			buildActionMask = 2147483647;
			files = (
			);
			inputFileListPaths = (
			);
			inputPaths = (
				"${PODS_PODFILE_DIR_PATH}/Podfile.lock",
				"${PODS_ROOT}/Manifest.lock",
			);
			name = "[CP] Check Pods Manifest.lock";
			outputFileListPaths = (
			);
			outputPaths = (
				"$(DERIVED_FILE_DIR)/Pods-MacAgentApp-checkManifestLockResult.txt",
			);
			runOnlyForDeploymentPostprocessing = 0;
			shellPath = /bin/sh;
			shellScript = "diff \"${PODS_PODFILE_DIR_PATH}/Podfile.lock\" \"${PODS_ROOT}/Manifest.lock\" > /dev/null\nif [ $? != 0 ] ; then\n    # print error to STDERR\n    echo \"error: The sandbox is not in sync with the Podfile.lock. Run 'pod install' or update your CocoaPods installation.\" >&2\n    exit 1\nfi\n# This output is used by Xcode 'outputs' to avoid re-running this script phase.\necho \"SUCCESS\" > \"${SCRIPT_OUTPUT_FILE_0}\"\n";
			showEnvVarsInLog = 0;
		};
/* End PBXShellScriptBuildPhase section */

/* Begin PBXSourcesBuildPhase section */
		A10000FC234567890ABCDEF1 /* Sources */ = {
			isa = PBXSourcesBuildPhase;
			buildActionMask = 2147483647;
			files = (
				A1000003234567890ABCDEF1 /* ContentView.swift in Sources */,
				A1000001234567890ABCDEF1 /* MacAgentApp.swift in Sources */,
				A1000007234567890ABCDEF1 /* Message.swift in Sources */,
				4C1EABE92F4AA642004A5BDD /* ProcessManager.swift in Sources */,
				A1000009234567890ABCDEF1 /* AgentViewModel.swift in Sources */,
				A100000B234567890ABCDEF1 /* BackendService.swift in Sources */,
				EE000001234567890ABCDEF1 /* EggModeManager.swift in Sources */,
				4C1EABEB2F4AA658004A5BDD /* ServiceManagerView.swift in Sources */,
				B1000001234567890ABCDEF1 /* ChatView.swift in Sources */,
				B1C1BE120100000000000001 /* CyberGridBackground.swift in Sources */,
				B1FADE0100000000000001A1 /* CyberGrid.metal in Sources */,
				B1000003234567890ABCDEF1 /* MessageBubble.swift in Sources */,
				B1000005234567890ABCDEF1 /* MessageAvatars.swift in Sources */,
				B1000007234567890ABCDEF1 /* UserMessageContent.swift in Sources */,
				B1000009234567890ABCDEF1 /* AssistantMessageContent.swift in Sources */,
				B100000B234567890ABCDEF1 /* InputBar.swift in Sources */,
				B100000D234567890ABCDEF1 /* CustomTextEditor.swift in Sources */,
				B100000F234567890ABCDEF1 /* MarkdownParser.swift in Sources */,
				B1000011234567890ABCDEF1 /* RichMarkdownView.swift in Sources */,
				B1000013234567890ABCDEF1 /* InlineMarkdownText.swift in Sources */,
				B1000036234567890ABCDEF1 /* RichMessageTextView.swift in Sources */,
				B1000015234567890ABCDEF1 /* CodeBlockView.swift in Sources */,
				B1000041234567890ABCDEF1 /* ThinkingBlockView.swift in Sources */,
				B1000017234567890ABCDEF1 /* MarkdownElements.swift in Sources */,
				B1000019234567890ABCDEF1 /* AsyncImageView.swift in Sources */,
				B100001B234567890ABCDEF1 /* Base64ImageView.swift in Sources */,
				B100001D234567890ABCDEF1 /* LocalFileImageView.swift in Sources */,
				B100001F234567890ABCDEF1 /* ImageDisplayView.swift in Sources */,
				B1000021234567890ABCDEF1 /* AttachmentView.swift in Sources */,
				B1000023234567890ABCDEF1 /* ErrorBannerView.swift in Sources */,
				B1000025234567890ABCDEF1 /* WelcomeView.swift in Sources */,
				B1000027234567890ABCDEF1 /* TypingIndicator.swift in Sources */,
				B1000029234567890ABCDEF1 /* ViewExtensions.swift in Sources */,
				B100002C234567890ABCDEF1 /* FileDownloadView.swift in Sources */,
				A100000F234567890ABCDEF1 /* SidebarView.swift in Sources */,
				A1000011234567890ABCDEF1 /* ToolPanelView.swift in Sources */,
				A1000013234567890ABCDEF1 /* SettingsView.swift in Sources */,
				D1000001234567890ABCDEF1 /* SystemMessageView.swift in Sources */,
				C1000001234567890ABCDEF1 /* TunnelView.swift in Sources */,
				C1000003234567890ABCDEF1 /* TunnelManager.swift in Sources */,
				E1000001234567890ABCDEF1 /* TTSService.swift in Sources */,
				E1000003234567890ABCDEF1 /* VoiceInputService.swift in Sources */,
				F1000001234567890ABCDEF1 /* MonitoringViewModel.swift in Sources */,
				F1000003234567890ABCDEF1 /* MonitoringWindowView.swift in Sources */,
				F1000005234567890ABCDEF1 /* ExecutionTimelineView.swift in Sources */,
				F1000007234567890ABCDEF1 /* SystemStatusDashboardView.swift in Sources */,
				F1000009234567890ABCDEF1 /* HistoryAnalysisView.swift in Sources */,
				F100000B234567890ABCDEF1 /* LogStreamView.swift in Sources */,
				F100000D234567890ABCDEF2 /* CyberpunkTheme.swift in Sources */,
				F100000F234567890ABCDEF2 /* UsageStatisticsView.swift in Sources */,
				F100011234567890ABCDEF3 /* TracesDashboardView.swift in Sources */,
				AB00000100000000A11Y001 /* AccessibilityMonitorView.swift in Sources */,
				AB00000100000000VIS00001 /* VisionFallbackService.swift in Sources */,
				F1000116234567890ABCDEF4 /* AgentLiveView.swift in Sources */,
				A2000001234567890ABCDEF1 /* PermissionManager.swift in Sources */,
				A2000003234567890ABCDEF1 /* PermissionSettingsView.swift in Sources */,
				8CDA84FC8DE48AE55C228925 /* RollbackPanelView.swift in Sources */,
				FDA6E3FEDCAFDC550744DA49 /* MCPSettingsView.swift in Sources */,
				4DABE95099DB64A612AA7CF9 /* HITLOverlayView.swift in Sources */,
				DD8600D102F41BB40F368F23 /* FeatureFlagsSettingsView.swift in Sources */,
				9944340EE98DAFE8EDA86B0B /* AuditLogView.swift in Sources */,
				E257D71DCE99CD064B107948 /* ContextVisualizationView.swift in Sources */,
				DDA100010000000000DUCK01 /* DuckSettingsView.swift in Sources */,
				AB00000100000000AX5ERV01 /* AccessibilityService.swift in Sources */,
				AB00000100000000AXBRDG01 /* AccessibilityBridge.swift in Sources */,
				AB00000100000000AXOBSV01 /* AXObserverManager.swift in Sources */,
				AB00000100000000GUSST01 /* GUIStateStore.swift in Sources */,
				AB00000100000000ACTBX01 /* ActionBatchExecutor.swift in Sources */,
				AB00000100000000IPCSR01 /* IPCService.swift in Sources */,
				899E06CE2CC66AEFFABA4A57 /* PortConfiguration.swift in Sources */,
				2FA4151906D65558C507569B /* PortSettingsView.swift in Sources */,
				2D5721C55EFA396606272D0F /* PortConfiguration.swift in Sources */,
				4899F0E9F0C96B7CAE6CBBCB /* PortSettingsView.swift in Sources */,
			);
			runOnlyForDeploymentPostprocessing = 0;
		};
/* End PBXSourcesBuildPhase section */

/* Begin XCBuildConfiguration section */
		A1000113234567890ABCDEF1 /* Debug */ = {
			isa = XCBuildConfiguration;
			buildSettings = {
				ALWAYS_SEARCH_USER_PATHS = NO;
				ASSETCATALOG_COMPILER_GENERATE_SWIFT_ASSET_SYMBOL_EXTENSIONS = YES;
				CLANG_ANALYZER_LOCALIZABILITY_NONLOCALIZED = YES;
				CLANG_ANALYZER_NONNULL = YES;
				CLANG_ANALYZER_NUMBER_OBJECT_CONVERSION = YES_AGGRESSIVE;
				CLANG_CXX_LANGUAGE_STANDARD = "gnu++20";
				CLANG_ENABLE_MODULES = YES;
				CLANG_ENABLE_OBJC_ARC = YES;
				CLANG_ENABLE_OBJC_WEAK = YES;
				CLANG_WARN_BLOCK_CAPTURE_AUTORELEASING = YES;
				CLANG_WARN_BOOL_CONVERSION = YES;
				CLANG_WARN_COMMA = YES;
				CLANG_WARN_CONSTANT_CONVERSION = YES;
				CLANG_WARN_DEPRECATED_OBJC_IMPLEMENTATIONS = YES;
				CLANG_WARN_DIRECT_OBJC_ISA_USAGE = YES_ERROR;
				CLANG_WARN_DOCUMENTATION_COMMENTS = YES;
				CLANG_WARN_EMPTY_BODY = YES;
				CLANG_WARN_ENUM_CONVERSION = YES;
				CLANG_WARN_INFINITE_RECURSION = YES;
				CLANG_WARN_INT_CONVERSION = YES;
				CLANG_WARN_NON_LITERAL_NULL_CONVERSION = YES;
				CLANG_WARN_OBJC_IMPLICIT_RETAIN_SELF = YES;
				CLANG_WARN_OBJC_LITERAL_CONVERSION = YES;
				CLANG_WARN_OBJC_ROOT_CLASS = YES_ERROR;
				CLANG_WARN_QUOTED_INCLUDE_IN_FRAMEWORK_HEADER = YES;
				CLANG_WARN_RANGE_LOOP_ANALYSIS = YES;
				CLANG_WARN_STRICT_PROTOTYPES = YES;
				CLANG_WARN_SUSPICIOUS_MOVE = YES;
				CLANG_WARN_UNGUARDED_AVAILABILITY = YES_AGGRESSIVE;
				CLANG_WARN_UNREACHABLE_CODE = YES;
				CLANG_WARN__DUPLICATE_METHOD_MATCH = YES;
				COPY_PHASE_STRIP = NO;
				DEAD_CODE_STRIPPING = YES;
				DEBUG_INFORMATION_FORMAT = dwarf;
				ENABLE_STRICT_OBJC_MSGSEND = YES;
				ENABLE_TESTABILITY = YES;
				ENABLE_USER_SCRIPT_SANDBOXING = NO;
				GCC_C_LANGUAGE_STANDARD = gnu17;
				GCC_DYNAMIC_NO_PIC = NO;
				GCC_NO_COMMON_BLOCKS = YES;
				GCC_OPTIMIZATION_LEVEL = 0;
				GCC_PREPROCESSOR_DEFINITIONS = (
					"DEBUG=1",
					"$(inherited)",
				);
				GCC_WARN_64_TO_32_BIT_CONVERSION = YES;
				GCC_WARN_ABOUT_RETURN_TYPE = YES_ERROR;
				GCC_WARN_UNDECLARED_SELECTOR = YES;
				GCC_WARN_UNINITIALIZED_AUTOS = YES_AGGRESSIVE;
				GCC_WARN_UNUSED_FUNCTION = YES;
				GCC_WARN_UNUSED_VARIABLE = YES;
				LOCALIZATION_PREFERS_STRING_CATALOGS = YES;
				MACOSX_DEPLOYMENT_TARGET = 14.0;
				MTL_ENABLE_DEBUG_INFO = INCLUDE_SOURCE;
				MTL_FAST_MATH = YES;
				ONLY_ACTIVE_ARCH = YES;
				SDKROOT = macosx;
				STRING_CATALOG_GENERATE_SYMBOLS = YES;
				SWIFT_ACTIVE_COMPILATION_CONDITIONS = "DEBUG $(inherited)";
				SWIFT_OPTIMIZATION_LEVEL = "-Onone";
			};
			name = Debug;
		};
		A1000114234567890ABCDEF1 /* Release */ = {
			isa = XCBuildConfiguration;
			buildSettings = {
				ALWAYS_SEARCH_USER_PATHS = NO;
				ASSETCATALOG_COMPILER_GENERATE_SWIFT_ASSET_SYMBOL_EXTENSIONS = YES;
				CLANG_ANALYZER_LOCALIZABILITY_NONLOCALIZED = YES;
				CLANG_ANALYZER_NONNULL = YES;
				CLANG_ANALYZER_NUMBER_OBJECT_CONVERSION = YES_AGGRESSIVE;
				CLANG_CXX_LANGUAGE_STANDARD = "gnu++20";
				CLANG_ENABLE_MODULES = YES;
				CLANG_ENABLE_OBJC_ARC = YES;
				CLANG_ENABLE_OBJC_WEAK = YES;
				CLANG_WARN_BLOCK_CAPTURE_AUTORELEASING = YES;
				CLANG_WARN_BOOL_CONVERSION = YES;
				CLANG_WARN_COMMA = YES;
				CLANG_WARN_CONSTANT_CONVERSION = YES;
				CLANG_WARN_DEPRECATED_OBJC_IMPLEMENTATIONS = YES;
				CLANG_WARN_DIRECT_OBJC_ISA_USAGE = YES_ERROR;
				CLANG_WARN_DOCUMENTATION_COMMENTS = YES;
				CLANG_WARN_EMPTY_BODY = YES;
				CLANG_WARN_ENUM_CONVERSION = YES;
				CLANG_WARN_INFINITE_RECURSION = YES;
				CLANG_WARN_INT_CONVERSION = YES;
				CLANG_WARN_NON_LITERAL_NULL_CONVERSION = YES;
				CLANG_WARN_OBJC_IMPLICIT_RETAIN_SELF = YES;
				CLANG_WARN_OBJC_LITERAL_CONVERSION = YES;
				CLANG_WARN_OBJC_ROOT_CLASS = YES_ERROR;
				CLANG_WARN_QUOTED_INCLUDE_IN_FRAMEWORK_HEADER = YES;
				CLANG_WARN_RANGE_LOOP_ANALYSIS = YES;
				CLANG_WARN_STRICT_PROTOTYPES = YES;
				CLANG_WARN_SUSPICIOUS_MOVE = YES;
				CLANG_WARN_UNGUARDED_AVAILABILITY = YES_AGGRESSIVE;
				CLANG_WARN_UNREACHABLE_CODE = YES;
				CLANG_WARN__DUPLICATE_METHOD_MATCH = YES;
				COPY_PHASE_STRIP = NO;
				DEAD_CODE_STRIPPING = YES;
				DEBUG_INFORMATION_FORMAT = "dwarf-with-dsym";
				ENABLE_NS_ASSERTIONS = NO;
				ENABLE_STRICT_OBJC_MSGSEND = YES;
				ENABLE_USER_SCRIPT_SANDBOXING = NO;
				GCC_C_LANGUAGE_STANDARD = gnu17;
				GCC_NO_COMMON_BLOCKS = YES;
				GCC_WARN_64_TO_32_BIT_CONVERSION = YES;
				GCC_WARN_ABOUT_RETURN_TYPE = YES_ERROR;
				GCC_WARN_UNDECLARED_SELECTOR = YES;
				GCC_WARN_UNINITIALIZED_AUTOS = YES_AGGRESSIVE;
				GCC_WARN_UNUSED_FUNCTION = YES;
				GCC_WARN_UNUSED_VARIABLE = YES;
				LOCALIZATION_PREFERS_STRING_CATALOGS = YES;
				MACOSX_DEPLOYMENT_TARGET = 14.0;
				MTL_ENABLE_DEBUG_INFO = NO;
				MTL_FAST_MATH = YES;
				SDKROOT = macosx;
				STRING_CATALOG_GENERATE_SYMBOLS = YES;
				SWIFT_COMPILATION_MODE = wholemodule;
			};
			name = Release;
		};
		A1000116234567890ABCDEF1 /* Debug */ = {
			isa = XCBuildConfiguration;
			baseConfigurationReference = E2831BE2E22BD476FC5BB8B4 /* Pods-MacAgentApp.debug.xcconfig */;
			buildSettings = {
				ASSETCATALOG_COMPILER_APPICON_NAME = AppIcon;
				ASSETCATALOG_COMPILER_GLOBAL_ACCENT_COLOR_NAME = AccentColor;
				AUTOMATION_APPLE_EVENTS = YES;
				CODE_SIGN_ALLOW_ENTITLEMENTS_MODIFICATION = YES;
				CODE_SIGN_ENTITLEMENTS = MacAgentApp/MacAgentApp.entitlements;
				CODE_SIGN_STYLE = Automatic;
				COMBINE_HIDPI_IMAGES = YES;
				CURRENT_PROJECT_VERSION = 1;
				DEAD_CODE_STRIPPING = YES;
				DEVELOPMENT_ASSET_PATHS = "";
				DEVELOPMENT_TEAM = MA8YY74FVW;
				ENABLE_APP_SANDBOX = NO;
				ENABLE_HARDENED_RUNTIME = YES;
				ENABLE_OUTGOING_NETWORK_CONNECTIONS = YES;
				ENABLE_PREVIEWS = YES;
				ENABLE_USER_SELECTED_FILES = readwrite;
				GENERATE_INFOPLIST_FILE = YES;
				INFOPLIST_KEY_ATSApplicationFontsPath = Fonts;
				INFOPLIST_KEY_CFBundleDisplayName = "Chow Duck";
				INFOPLIST_KEY_LSApplicationCategoryType = "public.app-category.productivity";
				INFOPLIST_KEY_NSHumanReadableCopyright = "";
				INFOPLIST_KEY_NSMicrophoneUsageDescription = "用于语音输入，将您说的话转为文字发送给助手。";
				INFOPLIST_KEY_NSSpeechRecognitionUsageDescription = "用于语音识别，将您说的话转为文字并发送到对话。";
				LD_RUNPATH_SEARCH_PATHS = (
					"$(inherited)",
					"@executable_path/../Frameworks",
				);
				MARKETING_VERSION = 1.0;
				PRODUCT_BUNDLE_IDENTIFIER = com.macagent.app;
				PRODUCT_NAME = "$(TARGET_NAME)";
				SWIFT_EMIT_LOC_STRINGS = YES;
				SWIFT_VERSION = 5.0;
			};
			name = Debug;
		};
		A1000117234567890ABCDEF1 /* Release */ = {
			isa = XCBuildConfiguration;
			baseConfigurationReference = 5E03CA151535EB06065CF359 /* Pods-MacAgentApp.release.xcconfig */;
			buildSettings = {
				ASSETCATALOG_COMPILER_APPICON_NAME = AppIcon;
				ASSETCATALOG_COMPILER_GLOBAL_ACCENT_COLOR_NAME = AccentColor;
				AUTOMATION_APPLE_EVENTS = YES;
				CODE_SIGN_ALLOW_ENTITLEMENTS_MODIFICATION = YES;
				CODE_SIGN_ENTITLEMENTS = MacAgentApp/MacAgentApp.entitlements;
				CODE_SIGN_STYLE = Automatic;
				COMBINE_HIDPI_IMAGES = YES;
				CURRENT_PROJECT_VERSION = 1;
				DEAD_CODE_STRIPPING = YES;
				DEVELOPMENT_ASSET_PATHS = "";
				DEVELOPMENT_TEAM = MA8YY74FVW;
				ENABLE_APP_SANDBOX = NO;
				ENABLE_HARDENED_RUNTIME = YES;
				ENABLE_OUTGOING_NETWORK_CONNECTIONS = YES;
				ENABLE_PREVIEWS = YES;
				ENABLE_USER_SELECTED_FILES = readwrite;
				GENERATE_INFOPLIST_FILE = YES;
				INFOPLIST_KEY_ATSApplicationFontsPath = Fonts;
				INFOPLIST_KEY_CFBundleDisplayName = "Chow Duck";
				INFOPLIST_KEY_LSApplicationCategoryType = "public.app-category.productivity";
				INFOPLIST_KEY_NSHumanReadableCopyright = "";
				INFOPLIST_KEY_NSMicrophoneUsageDescription = "用于语音输入，将您说的话转为文字发送给助手。";
				INFOPLIST_KEY_NSSpeechRecognitionUsageDescription = "用于语音识别，将您说的话转为文字并发送到对话。";
				LD_RUNPATH_SEARCH_PATHS = (
					"$(inherited)",
					"@executable_path/../Frameworks",
				);
				MARKETING_VERSION = 1.0;
				PRODUCT_BUNDLE_IDENTIFIER = com.macagent.app;
				PRODUCT_NAME = "$(TARGET_NAME)";
				SWIFT_EMIT_LOC_STRINGS = YES;
				SWIFT_VERSION = 5.0;
			};
			name = Release;
		};
/* End XCBuildConfiguration section */

/* Begin XCConfigurationList section */
		A10000FB234567890ABCDEF1 /* Build configuration list for PBXProject "MacAgentApp" */ = {
			isa = XCConfigurationList;
			buildConfigurations = (
				A1000113234567890ABCDEF1 /* Debug */,
				A1000114234567890ABCDEF1 /* Release */,
			);
			defaultConfigurationIsVisible = 0;
			defaultConfigurationName = Release;
		};
		A1000115234567890ABCDEF1 /* Build configuration list for PBXNativeTarget "MacAgentApp" */ = {
			isa = XCConfigurationList;
			buildConfigurations = (
				A1000116234567890ABCDEF1 /* Debug */,
				A1000117234567890ABCDEF1 /* Release */,
			);
			defaultConfigurationIsVisible = 0;
			defaultConfigurationName = Release;
		};
/* End XCConfigurationList section */
	};
	rootObject = A10000F8234567890ABCDEF1 /* Project object */;
}
